// !$*UTF8*$!
{
	archiveVersion = 1;
	classes = {
	};
	objectVersion = 77;
	objects = {

/* Begin PBXBuildFile section */
		02F387489573648AF887CD11 /* ChatsView.swift in Sources */ = {isa = PBXBuildFile; fileRef = 2566407E7242DBDC47A505D8 /* ChatsView.swift */; };
		06604C4135CFF20E1EE0B24D /* Data+Compression.swift in Sources */ = {isa = PBXBuildFile; fileRef = DE94D6395745F4522CF30929 /* Data+Compression.swift */; };
		073A17FE15428EAD0AB1C45E /* MarkdownExporterTests.swift in Sources */ = {isa = PBXBuildFile; fileRef = 65B7B470982BD1F4A428CF56 /* MarkdownExporterTests.swift */; };
		0895D6447929CACFAC9D6489 /* ChatViewModel.swift in Sources */ = {isa = PBXBuildFile; fileRef = FF40B67089BDACAB3C2FDA3C /* ChatViewModel.swift */; };
		08C32DA2BB15C36C33D64008 /* ReplayControlsView.swift in Sources */ = {isa = PBXBuildFile; fileRef = 8660B46406B32AB9173B3152 /* ReplayControlsView.swift */; };
		0B819123827BCE34CE0F07C6 /* SlashCommandService.swift in Sources */ = {isa = PBXBuildFile; fileRef = BD9FD38861538A95095E2D30 /* SlashCommandService.swift */; };
		0CC787C6FE001BAEF0FFE7B8 /* PermissionDecision.swift in Sources */ = {isa = PBXBuildFile; fileRef = 68F9829852C4B86B0A5378DA /* PermissionDecision.swift */; };
		0F6400E35711AB3BD5871754 /* mascot.png in Resources */ = {isa = PBXBuildFile; fileRef = B6695E03876E454C189C340A /* mascot.png */; };
		1069CBA3683DF5D98B76DABE /* GitActionsView.swift in Sources */ = {isa = PBXBuildFile; fileRef = 31701F42818D07676634A75B /* GitActionsView.swift */; };
		10D9E7A606D9529B357306DD /* GlobalSearchView.swift in Sources */ = {isa = PBXBuildFile; fileRef = C1C205720692037FEEF9128C /* GlobalSearchView.swift */; };
		110263A4EAB4E0CA4B6FBDF2 /* TranscriptFormat.swift in Sources */ = {isa = PBXBuildFile; fileRef = 04FB3C8DDAA20C6A46451FE8 /* TranscriptFormat.swift */; };
		11A11B4BB496E71FA029AF79 /* TranscriptParser.swift in Sources */ = {isa = PBXBuildFile; fileRef = BE9E48E02DAA84AF22CE8A09 /* TranscriptParser.swift */; };
		181951D49465E2A8C31F45CF /* ChatBranchListView.swift in Sources */ = {isa = PBXBuildFile; fileRef = 34D4D806D1CCE464CA01702C /* ChatBranchListView.swift */; };
		1A2B6ED54F46277061EE778F /* HTMLRendererTests.swift in Sources */ = {isa = PBXBuildFile; fileRef = 94C96D92AB481277BCA8905B /* HTMLRendererTests.swift */; };
		1AF2DC10C8D3AB457CAEC5DC /* ThemeServiceTests.swift in Sources */ = {isa = PBXBuildFile; fileRef = 18C949B76F236E14963E9C7C /* ThemeServiceTests.swift */; };
		1BA18F1614944CDE6D20A5FD /* ChatToolPickerView.swift in Sources */ = {isa = PBXBuildFile; fileRef = 3A8D91C372F0009F767A5B62 /* ChatToolPickerView.swift */; };
		20B5151008E49412585C9D9E /* ExportOptions.swift in Sources */ = {isa = PBXBuildFile; fileRef = 29A7653C39743F93746E85AB /* ExportOptions.swift */; };
		20C6008B7E1BD90109592650 /* FavoritesSectionView.swift in Sources */ = {isa = PBXBuildFile; fileRef = 225101FD1999826CEE155B46 /* FavoritesSectionView.swift */; };
		213D1ADA2153080D1363BD22 /* TranscriptParserTests.swift in Sources */ = {isa = PBXBuildFile; fileRef = CB311BA8BEBB853FDFADCBDB /* TranscriptParserTests.swift */; };
		2282B180CC865D9FE909F629 /* ExportSheet.swift in Sources */ = {isa = PBXBuildFile; fileRef = A4BF7CE2EE251B51E6CCCF75 /* ExportSheet.swift */; };
		22B57F97D7D259B675223329 /* GitViewModel.swift in Sources */ = {isa = PBXBuildFile; fileRef = D49B440A9E80429144580128 /* GitViewModel.swift */; };
		259C2B32661C9CA48C06B2AF /* ToastView.swift in Sources */ = {isa = PBXBuildFile; fileRef = CF5AFE4A5F0AA1F52AF0EAB2 /* ToastView.swift */; };
		27B4B5322C151EF2DD2DF6E8 /* Color+Theme.swift in Sources */ = {isa = PBXBuildFile; fileRef = 6DA513A19BB4FA0049682DD4 /* Color+Theme.swift */; };
		27B540C824413BBBD95AD6B2 /* TagsSectionView.swift in Sources */ = {isa = PBXBuildFile; fileRef = AE7053614A30B8A49277C4E2 /* TagsSectionView.swift */; };
		27F06703D747F12947981911 /* StatusItemController.swift in Sources */ = {isa = PBXBuildFile; fileRef = BB0AB47AE7838551263D553D /* StatusItemController.swift */; };
		28409E0EA8F152CF9EC65EA3 /* SessionCompareView.swift in Sources */ = {isa = PBXBuildFile; fileRef = 1EC26C67347FFDCFDF22C73E /* SessionCompareView.swift */; };
		289998EC08BA22FF045FA270 /* AccountSwitcherMenu.swift in Sources */ = {isa = PBXBuildFile; fileRef = F4FE85FCE3CF42D387C36627 /* AccountSwitcherMenu.swift */; };
		28C917936861417871942898 /* ContentView.swift in Sources */ = {isa = PBXBuildFile; fileRef = 9E80AADE011D974BD3E0A4DC /* ContentView.swift */; };
		2935F672A8229230590B7938 /* ChatView.swift in Sources */ = {isa = PBXBuildFile; fileRef = BD938D30DCD41089A8386154 /* ChatView.swift */; };
		29D104D4C71BA4FF37B7F618 /* String+Redaction.swift in Sources */ = {isa = PBXBuildFile; fileRef = 5385AA8647DD6F3C98BB2259 /* String+Redaction.swift */; };
		2B29299B7732326A83EAA5F6 /* SessionForker.swift in Sources */ = {isa = PBXBuildFile; fileRef = 570D813E91B8BA102ED58407 /* SessionForker.swift */; };
		2B3338547BA08DF424AE3A13 /* TranscriptViewModel.swift in Sources */ = {isa = PBXBuildFile; fileRef = A099995170A5FE597B144C0A /* TranscriptViewModel.swift */; };
		2CBA54983EC3AFFB2DF6B67C /* AppState.swift in Sources */ = {isa = PBXBuildFile; fileRef = 224BBE44EFAD3BB5E3511885 /* AppState.swift */; };
		2F8C6C686F7965D7ED4DD49D /* SearchResultRowView.swift in Sources */ = {isa = PBXBuildFile; fileRef = 3F9E36198B9BB8A679C71197 /* SearchResultRowView.swift */; };
		2FCA75D99980ED10683BD794 /* ReplayViewModel.swift in Sources */ = {isa = PBXBuildFile; fileRef = EE8B1B70F8E457E6E95DA5AF /* ReplayViewModel.swift */; };
		3338B83F401D1F46CAC11728 /* SystemPromptSheet.swift in Sources */ = {isa = PBXBuildFile; fileRef = A3BACE77DECCB226BA8C0E3A /* SystemPromptSheet.swift */; };
		33BFC05BCBD40EDC8DFAFCCE /* ChatAttachmentChip.swift in Sources */ = {isa = PBXBuildFile; fileRef = DAA33C481B005FCDD9AC293D /* ChatAttachmentChip.swift */; };
		3418B8F7E164D9B42F38F882 /* ReplayTurnView.swift in Sources */ = {isa = PBXBuildFile; fileRef = 80F954108BA6B8BE18DFA306 /* ReplayTurnView.swift */; };
		3819410EC5A7369EEB1D07D2 /* SessionMetaService.swift in Sources */ = {isa = PBXBuildFile; fileRef = 3FBCDC81226C780D2768DC62 /* SessionMetaService.swift */; };
		397AE315A227587D8C5C602F /* BookmarkBarView.swift in Sources */ = {isa = PBXBuildFile; fileRef = 8EB62FC14AC46AFA0C607CEF /* BookmarkBarView.swift */; };
		3CA2C006E07E70CBA7DC06E8 /* ReplayView.swift in Sources */ = {isa = PBXBuildFile; fileRef = B2701E340FA4B389DD8B5553 /* ReplayView.swift */; };
		3D31169AF1D0E5A7EC9F7552 /* DashboardView.swift in Sources */ = {isa = PBXBuildFile; fileRef = 50D1AD42B181E75B7419525F /* DashboardView.swift */; };
		3D4799BE82D797A7EB6921DC /* SidecarLocator.swift in Sources */ = {isa = PBXBuildFile; fileRef = 72D112297A18608E34256EF2 /* SidecarLocator.swift */; };
		3F2F9BC09C5520C180B7C924 /* EmptyStateView.swift in Sources */ = {isa = PBXBuildFile; fileRef = CB7774C2C8956592614B18A2 /* EmptyStateView.swift */; };
		3F736F8D896FED46DB85F01A /* ProjectFilesView.swift in Sources */ = {isa = PBXBuildFile; fileRef = 13C27ECF503AF7B40B02B423 /* ProjectFilesView.swift */; };
		3F98C0019E3B916E1253DFBC /* ThemeService.swift in Sources */ = {isa = PBXBuildFile; fileRef = DF14A33EE4622894B2D0DA62 /* ThemeService.swift */; };
		408C0718985877AD20CF36DD /* TranscriptSearchBar.swift in Sources */ = {isa = PBXBuildFile; fileRef = 25F66145708F58A52897FF41 /* TranscriptSearchBar.swift */; };
		42DF9CAF877A6BA5A24119E1 /* StatsView.swift in Sources */ = {isa = PBXBuildFile; fileRef = 69D21F39A5BA4E082F4CE3C0 /* StatsView.swift */; };
		45818EEAC2CEC8411D8A4A68 /* DataStore.swift in Sources */ = {isa = PBXBuildFile; fileRef = 650515D0DA10ED1809FBD4C8 /* DataStore.swift */; };
		4AA519A96852D5D3F3A4C265 /* SessionMeta.swift in Sources */ = {isa = PBXBuildFile; fileRef = 4A194A1EFD5EBC4ED30C27D0 /* SessionMeta.swift */; };
		4AE210572C5AD92747D03497 /* SearchResult.swift in Sources */ = {isa = PBXBuildFile; fileRef = 674F28028B00591225DEEB99 /* SearchResult.swift */; };
		4DB1D903B01E16876FBFBA2F /* FavoritesViewModel.swift in Sources */ = {isa = PBXBuildFile; fileRef = ABCEC13B340E66A0FEFD241C /* FavoritesViewModel.swift */; };
		4FA92B179932451A24B155D1 /* ThinkingBlockView.swift in Sources */ = {isa = PBXBuildFile; fileRef = D86FEDAA1606AAE985DFB5BB /* ThinkingBlockView.swift */; };
		506D8081DDBFA30DEC86DA56 /* themes.json in Resources */ = {isa = PBXBuildFile; fileRef = 9CFDFA8148F2BF16800E0E52 /* themes.json */; };
		53926A1FF61F43B9CCA34E4F /* ThemeToolbarMenu.swift in Sources */ = {isa = PBXBuildFile; fileRef = 8008F783C116DB6E81155E20 /* ThemeToolbarMenu.swift */; };
		555FF9BB914CEBF33D676B63 /* Date+Formatting.swift in Sources */ = {isa = PBXBuildFile; fileRef = 9FC411D991BD25704E5EF57C /* Date+Formatting.swift */; };
		55829F4F05F15E94BAB84F38 /* StreamEventTests.swift in Sources */ = {isa = PBXBuildFile; fileRef = 986F33DB113C79268D6898DB /* StreamEventTests.swift */; };
		566E32F9C38F7F68D3277442 /* SessionStats.swift in Sources */ = {isa = PBXBuildFile; fileRef = A71444B583BFB95B87223E59 /* SessionStats.swift */; };
		57FC97D892C0852BB31848A9 /* PlansListView.swift in Sources */ = {isa = PBXBuildFile; fileRef = 1F786651AD54AD07648E0E06 /* PlansListView.swift */; };
		593818D2D9B97D7D77F5D865 /* HTMLRenderer.swift in Sources */ = {isa = PBXBuildFile; fileRef = AA7A0D7FECB2A1E204466F8A /* HTMLRenderer.swift */; };
		5B4FD587C34B5143C383BCCE /* FileManager+Sessions.swift in Sources */ = {isa = PBXBuildFile; fileRef = F65CF5EFF7F71F6F2AC11DD7 /* FileManager+Sessions.swift */; };
		5CB2F17BE9062EBF77247E95 /* Claude_MTW_ReplayApp.swift in Sources */ = {isa = PBXBuildFile; fileRef = 719463A391685C9DD5CBB389 /* Claude_MTW_ReplayApp.swift */; };
		5DC0E2698C4B4CF6E2E171A9 /* player.min.html in Resources */ = {isa = PBXBuildFile; fileRef = 3A9C2099673FBC484CAC004C /* player.min.html */; };
		60E3491D68CC2121AF596104 /* ChainedReplaySheet.swift in Sources */ = {isa = PBXBuildFile; fileRef = A463F0AB38CEFFCE3B8AE1BB /* ChainedReplaySheet.swift */; };
		611ED56DE19C0ABFAA1D39AA /* Project.swift in Sources */ = {isa = PBXBuildFile; fileRef = 07D5E6C592B46F8876B27495 /* Project.swift */; };
		61B107187BBCC33BC1EE06F2 /* ClaudeAgent.swift in Sources */ = {isa = PBXBuildFile; fileRef = 9F3EF4D5C9EE2583D0A75E14 /* ClaudeAgent.swift */; };
		62B02E0BA2799418BF38D63F /* SessionTableView.swift in Sources */ = {isa = PBXBuildFile; fileRef = 40B59FB67B109F8E7BC87F90 /* SessionTableView.swift */; };
		633EEFA1FA5840FC91B6E4BA /* player.html in Resources */ = {isa = PBXBuildFile; fileRef = 8C92B173CCD6E6E7849F01D5 /* player.html */; };
		64D65A264529C48FAB088B53 /* AgentsListView.swift in Sources */ = {isa = PBXBuildFile; fileRef = D81C6F1E1BA4C0AC42B3DD19 /* AgentsListView.swift */; };
		6794DBED6BD1E6DCE5CF3C00 /* CodeBlockView.swift in Sources */ = {isa = PBXBuildFile; fileRef = A5C8D2B5BDDB8F58358AF173 /* CodeBlockView.swift */; };
		69BCB54B82A93E0954BD34B3 /* SlashCommandPickerView.swift in Sources */ = {isa = PBXBuildFile; fileRef = 216A03900A6F6004A80BFE93 /* SlashCommandPickerView.swift */; };
		6A00F1B86F2209B675F1FCCD /* TurnDiffer.swift in Sources */ = {isa = PBXBuildFile; fileRef = 67504CD995C63412274A8938 /* TurnDiffer.swift */; };
		6BA6E6730145787D53FF609E /* MarkdownTextView.swift in Sources */ = {isa = PBXBuildFile; fileRef = 7B4B6515084FEAA1284F61DF /* MarkdownTextView.swift */; };
		6E3C9B9FA63ADA860A43D13A /* FavoriteEntity.swift in Sources */ = {isa = PBXBuildFile; fileRef = 333CED3492BE3011F0DA22EF /* FavoriteEntity.swift */; };
		6E8195DE7DF219BE5A4C153F /* ChatAttachmentPreviewSheet.swift in Sources */ = {isa = PBXBuildFile; fileRef = 6CD325A95BC306E0B73719D1 /* ChatAttachmentPreviewSheet.swift */; };
		712FD188C4D447B292D2DB18 /* GitView.swift in Sources */ = {isa = PBXBuildFile; fileRef = B18A5E4D1A8988ED053F8E88 /* GitView.swift */; };
		719059718175509AF4984F9D /* TagChipView.swift in Sources */ = {isa = PBXBuildFile; fileRef = F68C7CB5783E9890A7724297 /* TagChipView.swift */; };
		72069215C53108EFE10B96FE /* SearchService.swift in Sources */ = {isa = PBXBuildFile; fileRef = 68839726015720FAD543EAF2 /* SearchService.swift */; };
		722779B57DA88ED5630A7798 /* SlashCommand.swift in Sources */ = {isa = PBXBuildFile; fileRef = C8603672CC2A4563018EA190 /* SlashCommand.swift */; };
		73ED3D8D9FD60949B6897ECF /* Theme.swift in Sources */ = {isa = PBXBuildFile; fileRef = F5FC06199D9BBAD956EF705F /* Theme.swift */; };
		7490B74FCE498420D5B0B1C9 /* HTMLExtractor.swift in Sources */ = {isa = PBXBuildFile; fileRef = 983060A458FD52D10E4E97D9 /* HTMLExtractor.swift */; };
		777400CE076CF71CDF9BAD29 /* Bookmark.swift in Sources */ = {isa = PBXBuildFile; fileRef = 3F39A3672A2FA82C9873AB96 /* Bookmark.swift */; };
		7B3AE52491B4E82B9CC771CB /* StatsOverviewCards.swift in Sources */ = {isa = PBXBuildFile; fileRef = 7576F9FDF8A6FD62268AC68A /* StatsOverviewCards.swift */; };
		7D99A39A39E2982E7A443B22 /* SessionRowView.swift in Sources */ = {isa = PBXBuildFile; fileRef = 8BD0B249FCB337BAC3EB6682 /* SessionRowView.swift */; };
		7DD899A37FC4F1119E5CECDF /* ChatSessionListView.swift in Sources */ = {isa = PBXBuildFile; fileRef = 8C8190DE0E572F94E981E504 /* ChatSessionListView.swift */; };
		7F2417B743EE64A9AC3F1A00 /* SessionResolverTests.swift in Sources */ = {isa = PBXBuildFile; fileRef = CFFF0C29A794E3C68613C927 /* SessionResolverTests.swift */; };
		8092F8324AAC8DD15971C2AB /* ModeToggleView.swift in Sources */ = {isa = PBXBuildFile; fileRef = 1A2BFEA8722B2E02187F6926 /* ModeToggleView.swift */; };
		83FB4B1CCE7BBA5631C01314 /* ChatAttachment.swift in Sources */ = {isa = PBXBuildFile; fileRef = E08AFF1EEDB5A35B7E021C08 /* ChatAttachment.swift */; };
		84AC0B8FCE3691082358AB84 /* SessionResolver.swift in Sources */ = {isa = PBXBuildFile; fileRef = C9FE58D169B93203F04E8556 /* SessionResolver.swift */; };
		854E0302CB55350195163558 /* PermissionAlertView.swift in Sources */ = {isa = PBXBuildFile; fileRef = 0B663E50C5953FDFE963B2F1 /* PermissionAlertView.swift */; };
		868C65654288F2B4122A618C /* StreamEvent.swift in Sources */ = {isa = PBXBuildFile; fileRef = AB0687EF62607C80606F288E /* StreamEvent.swift */; };
		8B56F247EF9B7BDFFB3840FF /* Turn.swift in Sources */ = {isa = PBXBuildFile; fileRef = B9E0E264FAA6A5AA8CA4F839 /* Turn.swift */; };
		8E7CDC98AE15F6E7A10A294D /* ChatModelPickerView.swift in Sources */ = {isa = PBXBuildFile; fileRef = DF60C2D84BAA0C9768F42519 /* ChatModelPickerView.swift */; };
		910D176A3FC37AA399BD7FB2 /* UserMessageView.swift in Sources */ = {isa = PBXBuildFile; fileRef = FF9388F22EDA2D79BD5E0EE4 /* UserMessageView.swift */; };
		9199BDE0A85405E2C0B87CAB /* SpinnerVerbView.swift in Sources */ = {isa = PBXBuildFile; fileRef = B5E1A4CA907C1E9A4EE26840 /* SpinnerVerbView.swift */; };
		96954EDADAE456C44E007C17 /* SpinnerVerbs.swift in Sources */ = {isa = PBXBuildFile; fileRef = E4E1919F2197ED040F01A15F /* SpinnerVerbs.swift */; };
		9B4E3A5B8AA455D6B15C3FD7 /* FileWatcher.swift in Sources */ = {isa = PBXBuildFile; fileRef = A36A9DB2E87F63D943E779A0 /* FileWatcher.swift */; };
		9B6CBEF523F5C011538433CC /* EditorView.swift in Sources */ = {isa = PBXBuildFile; fileRef = C3AA2E85D8915B56BBC79EF0 /* EditorView.swift */; };
		9BB2203DAD83656BCFB6CD41 /* ChatActiveListView.swift in Sources */ = {isa = PBXBuildFile; fileRef = D146695BE4F9A6D7271A9231 /* ChatActiveListView.swift */; };
		9D311860F0255EB31128614C /* ActivityHeatmapView.swift in Sources */ = {isa = PBXBuildFile; fileRef = 1898F7E6B6199BF4EA5D8087 /* ActivityHeatmapView.swift */; };
		9EC956F253D8CCFB0CD63398 /* GitGraphView.swift in Sources */ = {isa = PBXBuildFile; fileRef = 1EBD642B3C22EED9903DAB5A /* GitGraphView.swift */; };
		A38B8080C339BA0521DF798C /* BookmarksEditorView.swift in Sources */ = {isa = PBXBuildFile; fileRef = D734FA4EAA261FAB8A645F9D /* BookmarksEditorView.swift */; };
		A57C3D19BE75EE3A28F53687 /* FilesAccessedView.swift in Sources */ = {isa = PBXBuildFile; fileRef = 807A448A33993DC6EC5B8422 /* FilesAccessedView.swift */; };
		A67C49984A4DFD5241D0DFB3 /* ClaudeAgentSkeletonTests.swift in Sources */ = {isa = PBXBuildFile; fileRef = 97A5F812F1AD478FAE631A8B /* ClaudeAgentSkeletonTests.swift */; };
		A902FE27BD70DFFB06676CBC /* KeyboardShortcutsView.swift in Sources */ = {isa = PBXBuildFile; fileRef = CE3C03A3211511707ABDAC09 /* KeyboardShortcutsView.swift */; };
		A99AD020444F7A14176F5BC4 /* ExportProgressView.swift in Sources */ = {isa = PBXBuildFile; fileRef = 99FCBB5EA97CEF57F7A0828D /* ExportProgressView.swift */; };
		AD51DC69DA56D8742698E1D6 /* ChatTranscriptEntity.swift in Sources */ = {isa = PBXBuildFile; fileRef = 873953D0C3D9372198FEA979 /* ChatTranscriptEntity.swift */; };
		AEDF935625FA71E827E7049A /* SecretPattern.swift in Sources */ = {isa = PBXBuildFile; fileRef = F1F4495902D5261DF5042D9B /* SecretPattern.swift */; };
		AFA9D5E903ED99A4C7F42123 /* TagsViewModel.swift in Sources */ = {isa = PBXBuildFile; fileRef = E8266B0348715BEE5E98169F /* TagsViewModel.swift */; };
		AFD063EFB24C3A132591EABB /* ChatTabContainerView.swift in Sources */ = {isa = PBXBuildFile; fileRef = A8076019AC85596850C81BBB /* ChatTabContainerView.swift */; };
		B21FB30ED7AB7791BE6BE77C /* SessionStatsEntity.swift in Sources */ = {isa = PBXBuildFile; fileRef = 90EDB9A70DD855D8190551DC /* SessionStatsEntity.swift */; };
		B40454E0D5A2C9AE416C57B0 /* ToolBreakdownChart.swift in Sources */ = {isa = PBXBuildFile; fileRef = 45F90868FA9E087E9EDF4E5A /* ToolBreakdownChart.swift */; };
		B8567D6BDD53405D00AF748F /* TurnEditorPanel.swift in Sources */ = {isa = PBXBuildFile; fileRef = 31A370418EF2AE359F6FD85A /* TurnEditorPanel.swift */; };
		B9409B0E52FDA71E64EBC089 /* TranscriptView.swift in Sources */ = {isa = PBXBuildFile; fileRef = 83781BF5B1B57100496B62CC /* TranscriptView.swift */; };
		BDA28C49DA491CF278199444 /* MarkdownExporter.swift in Sources */ = {isa = PBXBuildFile; fileRef = 6D8F0CCD01CC502FDD993EC5 /* MarkdownExporter.swift */; };
		C08A5541B07BD810E0F5AD49 /* StatsComputer.swift in Sources */ = {isa = PBXBuildFile; fileRef = 3C0774F14BC34EDD989BF24B /* StatsComputer.swift */; };
		C388115E3375CA6D2BB4539E /* StatsComputerTests.swift in Sources */ = {isa = PBXBuildFile; fileRef = 59EC49DEA6EEF15D3F6AB025 /* StatsComputerTests.swift */; };
		C6BAA01C1CD5B3D568487C6A /* SessionMetaEntity.swift in Sources */ = {isa = PBXBuildFile; fileRef = 323DB8E7FBB144ED93D10B56 /* SessionMetaEntity.swift */; };
		C6F7742A44FB5A353BF440D0 /* SidebarView.swift in Sources */ = {isa = PBXBuildFile; fileRef = 3018A6A9EF98134EB24D6A49 /* SidebarView.swift */; };
		C7FBF0164F7364FB27BBC629 /* AssistantTextView.swift in Sources */ = {isa = PBXBuildFile; fileRef = 4E11C9B4B77CCCB48FEBDD1B /* AssistantTextView.swift */; };
		C985BC1536AD58E7842C2CF6 /* EditorViewModel.swift in Sources */ = {isa = PBXBuildFile; fileRef = E70CD3E5D564826A9EA860E1 /* EditorViewModel.swift */; };
		C99D1F73D08A353EA93EB9EF /* TranscriptTurnView.swift in Sources */ = {isa = PBXBuildFile; fileRef = 73654E57B25E0A1245632881 /* TranscriptTurnView.swift */; };
		CA10FA472EC9D243F541DA36 /* ExportViewModel.swift in Sources */ = {isa = PBXBuildFile; fileRef = 9145AF8747391B5CDE49DEC5 /* ExportViewModel.swift */; };
		CD25FE45C22083458E4A1204 /* ToolCallView.swift in Sources */ = {isa = PBXBuildFile; fileRef = 1EF7EE497C0681170D0C1C6C /* ToolCallView.swift */; };
		D3FFEB1C65EA42E54F22D443 /* Telemetry.swift in Sources */ = {isa = PBXBuildFile; fileRef = 1A08108CCB552342396B366C /* Telemetry.swift */; };
		D82D17D0EF48D63AB1E94A59 /* PermissionDecisionEntity.swift in Sources */ = {isa = PBXBuildFile; fileRef = 8DDABE0C881BCCF53D00BCAD /* PermissionDecisionEntity.swift */; };
		DA1415D7D0045BE2AD71B506 /* SessionDiscovery.swift in Sources */ = {isa = PBXBuildFile; fileRef = BDA824BA0C401F231AF2551F /* SessionDiscovery.swift */; };
		DEE857498F44F21DDDC793C7 /* SessionListViewModel.swift in Sources */ = {isa = PBXBuildFile; fileRef = 732C1943EA0524C308C1CC3F /* SessionListViewModel.swift */; };
		DEE93551A5C08398F4E1BA65 /* BashCommandsListView.swift in Sources */ = {isa = PBXBuildFile; fileRef = 8754EB2E6DEDD5947D83F313 /* BashCommandsListView.swift */; };
		E1516CA7A8992920EE771EF9 /* GitInfoView.swift in Sources */ = {isa = PBXBuildFile; fileRef = 614E14E337A94E214C8F53B8 /* GitInfoView.swift */; };
		E51691F23AC61DB11207D68B /* AppDelegate.swift in Sources */ = {isa = PBXBuildFile; fileRef = 2E1B0C08D11A82B617D1931F /* AppDelegate.swift */; };
		E601D4D97F0FBF1B4E972CB0 /* MainTabBarView.swift in Sources */ = {isa = PBXBuildFile; fileRef = 5E5E740447459449E80D38E3 /* MainTabBarView.swift */; };
		E7351641A673FC439F45F976 /* TagEntity.swift in Sources */ = {isa = PBXBuildFile; fileRef = 0F3B00D097456CD40CECC2AF /* TagEntity.swift */; };
		E742BCCFD93F88B34249C3B7 /* ProjectRowView.swift in Sources */ = {isa = PBXBuildFile; fileRef = A349AC7BCD5937B9D211E575 /* ProjectRowView.swift */; };
		EA5168B0E21B92132808B984 /* GitService.swift in Sources */ = {isa = PBXBuildFile; fileRef = F27CEEFD1DC8A4EC85435CB9 /* GitService.swift */; };
		ED832FC98D627508C969C83C /* ChatInputBarView.swift in Sources */ = {isa = PBXBuildFile; fileRef = 9D019223551B24AD5D6AA436 /* ChatInputBarView.swift */; };
		EFC7D4D9DFA2A25FBBD66C16 /* ThemePickerView.swift in Sources */ = {isa = PBXBuildFile; fileRef = CD331BCD3DA55D61226EDD21 /* ThemePickerView.swift */; };
		F0284B2E8BA9962EFCAD06C2 /* SecretRedactor.swift in Sources */ = {isa = PBXBuildFile; fileRef = A26BC37F5BA39608B2807E83 /* SecretRedactor.swift */; };
		F1B30154852E46B62EAFE23E /* TurnDiffResult.swift in Sources */ = {isa = PBXBuildFile; fileRef = 4D6302E81375BD90EFDC94C4 /* TurnDiffResult.swift */; };
		F2242C382EEF0A9A9B87990F /* StatsViewModel.swift in Sources */ = {isa = PBXBuildFile; fileRef = 072A95DCE0058FAD3BEC4E10 /* StatsViewModel.swift */; };
		F4C6730D00FBECF8506B5FE5 /* TurnBrowserPanel.swift in Sources */ = {isa = PBXBuildFile; fileRef = 23FE2A2CCA29B53D4467BD1F /* TurnBrowserPanel.swift */; };
		F4C87E1630672F58B4C7088D /* CommitLogView.swift in Sources */ = {isa = PBXBuildFile; fileRef = 48D938F790D1757F12525E2C /* CommitLogView.swift */; };
		F57F48E83ADDEB64FF09CD29 /* TranscriptFilterBar.swift in Sources */ = {isa = PBXBuildFile; fileRef = D6D8111B08585BCF7957C5BA /* TranscriptFilterBar.swift */; };
		F61597464B67D83B7A30786C /* ProjectHeaderView.swift in Sources */ = {isa = PBXBuildFile; fileRef = 76C270E32B4C9C3CBE1B39E7 /* ProjectHeaderView.swift */; };
		F6FA6047ED3167809637293D /* SecretRedactorTests.swift in Sources */ = {isa = PBXBuildFile; fileRef = BC5058E42EC2C09FB93F7BCF /* SecretRedactorTests.swift */; };
		F73B37781285F654B39BB3D6 /* DiffView.swift in Sources */ = {isa = PBXBuildFile; fileRef = 1DFCC3516D4D0E1A71920583 /* DiffView.swift */; };
		FB80C1D0430D1058B638600C /* SettingsView.swift in Sources */ = {isa = PBXBuildFile; fileRef = 6C8795A8FF4C0E535ADD41DB /* SettingsView.swift */; };
		FC4228D7E72B7C6025C4EFEA /* CrashReporter.swift in Sources */ = {isa = PBXBuildFile; fileRef = AC07E22B82C6559BE1EB07BB /* CrashReporter.swift */; };
		FED39B35970DCB925BA11E32 /* ProjectListViewModel.swift in Sources */ = {isa = PBXBuildFile; fileRef = 5DDDDF7A67EE956F1C4F71AC /* ProjectListViewModel.swift */; };
/* End PBXBuildFile section */

/* Begin PBXContainerItemProxy section */
		3044E14D03814F775611ABAF /* PBXContainerItemProxy */ = {
			isa = PBXContainerItemProxy;
			containerPortal = AE35B0E98B846D43722A5C8C /* Project object */;
			proxyType = 1;
			remoteGlobalIDString = 345E757E6706F110496EA166;
			remoteInfo = "Claude-MTW-Replay";
		};
/* End PBXContainerItemProxy section */

/* Begin PBXFileReference section */
		04FB3C8DDAA20C6A46451FE8 /* TranscriptFormat.swift */ = {isa = PBXFileReference; lastKnownFileType = sourcecode.swift; path = TranscriptFormat.swift; sourceTree = "<group>"; };
		072A95DCE0058FAD3BEC4E10 /* StatsViewModel.swift */ = {isa = PBXFileReference; lastKnownFileType = sourcecode.swift; path = StatsViewModel.swift; sourceTree = "<group>"; };
		07D5E6C592B46F8876B27495 /* Project.swift */ = {isa = PBXFileReference; lastKnownFileType = sourcecode.swift; path = Project.swift; sourceTree = "<group>"; };
		0B663E50C5953FDFE963B2F1 /* PermissionAlertView.swift */ = {isa = PBXFileReference; lastKnownFileType = sourcecode.swift; path = PermissionAlertView.swift; sourceTree = "<group>"; };
		0F3B00D097456CD40CECC2AF /* TagEntity.swift */ = {isa = PBXFileReference; lastKnownFileType = sourcecode.swift; path = TagEntity.swift; sourceTree = "<group>"; };
		13C27ECF503AF7B40B02B423 /* ProjectFilesView.swift */ = {isa = PBXFileReference; lastKnownFileType = sourcecode.swift; path = ProjectFilesView.swift; sourceTree = "<group>"; };
		1898F7E6B6199BF4EA5D8087 /* ActivityHeatmapView.swift */ = {isa = PBXFileReference; lastKnownFileType = sourcecode.swift; path = ActivityHeatmapView.swift; sourceTree = "<group>"; };
		18C949B76F236E14963E9C7C /* ThemeServiceTests.swift */ = {isa = PBXFileReference; lastKnownFileType = sourcecode.swift; path = ThemeServiceTests.swift; sourceTree = "<group>"; };
		1A08108CCB552342396B366C /* Telemetry.swift */ = {isa = PBXFileReference; lastKnownFileType = sourcecode.swift; path = Telemetry.swift; sourceTree = "<group>"; };
		1A2BFEA8722B2E02187F6926 /* ModeToggleView.swift */ = {isa = PBXFileReference; lastKnownFileType = sourcecode.swift; path = ModeToggleView.swift; sourceTree = "<group>"; };
		1DFCC3516D4D0E1A71920583 /* DiffView.swift */ = {isa = PBXFileReference; lastKnownFileType = sourcecode.swift; path = DiffView.swift; sourceTree = "<group>"; };
		1EBD642B3C22EED9903DAB5A /* GitGraphView.swift */ = {isa = PBXFileReference; lastKnownFileType = sourcecode.swift; path = GitGraphView.swift; sourceTree = "<group>"; };
		1EC26C67347FFDCFDF22C73E /* SessionCompareView.swift */ = {isa = PBXFileReference; lastKnownFileType = sourcecode.swift; path = SessionCompareView.swift; sourceTree = "<group>"; };
		1EF7EE497C0681170D0C1C6C /* ToolCallView.swift */ = {isa = PBXFileReference; lastKnownFileType = sourcecode.swift; path = ToolCallView.swift; sourceTree = "<group>"; };
		1F786651AD54AD07648E0E06 /* PlansListView.swift */ = {isa = PBXFileReference; lastKnownFileType = sourcecode.swift; path = PlansListView.swift; sourceTree = "<group>"; };
		216A03900A6F6004A80BFE93 /* SlashCommandPickerView.swift */ = {isa = PBXFileReference; lastKnownFileType = sourcecode.swift; path = SlashCommandPickerView.swift; sourceTree = "<group>"; };
		224BBE44EFAD3BB5E3511885 /* AppState.swift */ = {isa = PBXFileReference; lastKnownFileType = sourcecode.swift; path = AppState.swift; sourceTree = "<group>"; };
		225101FD1999826CEE155B46 /* FavoritesSectionView.swift */ = {isa = PBXFileReference; lastKnownFileType = sourcecode.swift; path = FavoritesSectionView.swift; sourceTree = "<group>"; };
		23FE2A2CCA29B53D4467BD1F /* TurnBrowserPanel.swift */ = {isa = PBXFileReference; lastKnownFileType = sourcecode.swift; path = TurnBrowserPanel.swift; sourceTree = "<group>"; };
		2566407E7242DBDC47A505D8 /* ChatsView.swift */ = {isa = PBXFileReference; lastKnownFileType = sourcecode.swift; path = ChatsView.swift; sourceTree = "<group>"; };
		25F66145708F58A52897FF41 /* TranscriptSearchBar.swift */ = {isa = PBXFileReference; lastKnownFileType = sourcecode.swift; path = TranscriptSearchBar.swift; sourceTree = "<group>"; };
		29A7653C39743F93746E85AB /* ExportOptions.swift */ = {isa = PBXFileReference; lastKnownFileType = sourcecode.swift; path = ExportOptions.swift; sourceTree = "<group>"; };
		2E1B0C08D11A82B617D1931F /* AppDelegate.swift */ = {isa = PBXFileReference; lastKnownFileType = sourcecode.swift; path = AppDelegate.swift; sourceTree = "<group>"; };
		3018A6A9EF98134EB24D6A49 /* SidebarView.swift */ = {isa = PBXFileReference; lastKnownFileType = sourcecode.swift; path = SidebarView.swift; sourceTree = "<group>"; };
		31701F42818D07676634A75B /* GitActionsView.swift */ = {isa = PBXFileReference; lastKnownFileType = sourcecode.swift; path = GitActionsView.swift; sourceTree = "<group>"; };
		31A370418EF2AE359F6FD85A /* TurnEditorPanel.swift */ = {isa = PBXFileReference; lastKnownFileType = sourcecode.swift; path = TurnEditorPanel.swift; sourceTree = "<group>"; };
		323DB8E7FBB144ED93D10B56 /* SessionMetaEntity.swift */ = {isa = PBXFileReference; lastKnownFileType = sourcecode.swift; path = SessionMetaEntity.swift; sourceTree = "<group>"; };
		333CED3492BE3011F0DA22EF /* FavoriteEntity.swift */ = {isa = PBXFileReference; lastKnownFileType = sourcecode.swift; path = FavoriteEntity.swift; sourceTree = "<group>"; };
		34D4D806D1CCE464CA01702C /* ChatBranchListView.swift */ = {isa = PBXFileReference; lastKnownFileType = sourcecode.swift; path = ChatBranchListView.swift; sourceTree = "<group>"; };
		3A8D91C372F0009F767A5B62 /* ChatToolPickerView.swift */ = {isa = PBXFileReference; lastKnownFileType = sourcecode.swift; path = ChatToolPickerView.swift; sourceTree = "<group>"; };
		3A9C2099673FBC484CAC004C /* player.min.html */ = {isa = PBXFileReference; lastKnownFileType = text.html; path = player.min.html; sourceTree = "<group>"; };
		3C0774F14BC34EDD989BF24B /* StatsComputer.swift */ = {isa = PBXFileReference; lastKnownFileType = sourcecode.swift; path = StatsComputer.swift; sourceTree = "<group>"; };
		3D22222F7CBD0CAEA12CF621 /* Claude-MTW-ReplayTests.xctest */ = {isa = PBXFileReference; explicitFileType = wrapper.cfbundle; includeInIndex = 0; path = "Claude-MTW-ReplayTests.xctest"; sourceTree = BUILT_PRODUCTS_DIR; };
		3F39A3672A2FA82C9873AB96 /* Bookmark.swift */ = {isa = PBXFileReference; lastKnownFileType = sourcecode.swift; path = Bookmark.swift; sourceTree = "<group>"; };
		3F9E36198B9BB8A679C71197 /* SearchResultRowView.swift */ = {isa = PBXFileReference; lastKnownFileType = sourcecode.swift; path = SearchResultRowView.swift; sourceTree = "<group>"; };
		3FBCDC81226C780D2768DC62 /* SessionMetaService.swift */ = {isa = PBXFileReference; lastKnownFileType = sourcecode.swift; path = SessionMetaService.swift; sourceTree = "<group>"; };
		40B59FB67B109F8E7BC87F90 /* SessionTableView.swift */ = {isa = PBXFileReference; lastKnownFileType = sourcecode.swift; path = SessionTableView.swift; sourceTree = "<group>"; };
		45F90868FA9E087E9EDF4E5A /* ToolBreakdownChart.swift */ = {isa = PBXFileReference; lastKnownFileType = sourcecode.swift; path = ToolBreakdownChart.swift; sourceTree = "<group>"; };
		48D938F790D1757F12525E2C /* CommitLogView.swift */ = {isa = PBXFileReference; lastKnownFileType = sourcecode.swift; path = CommitLogView.swift; sourceTree = "<group>"; };
		4A194A1EFD5EBC4ED30C27D0 /* SessionMeta.swift */ = {isa = PBXFileReference; lastKnownFileType = sourcecode.swift; path = SessionMeta.swift; sourceTree = "<group>"; };
		4D6302E81375BD90EFDC94C4 /* TurnDiffResult.swift */ = {isa = PBXFileReference; lastKnownFileType = sourcecode.swift; path = TurnDiffResult.swift; sourceTree = "<group>"; };
		4E11C9B4B77CCCB48FEBDD1B /* AssistantTextView.swift */ = {isa = PBXFileReference; lastKnownFileType = sourcecode.swift; path = AssistantTextView.swift; sourceTree = "<group>"; };
		50D1AD42B181E75B7419525F /* DashboardView.swift */ = {isa = PBXFileReference; lastKnownFileType = sourcecode.swift; path = DashboardView.swift; sourceTree = "<group>"; };
		5385AA8647DD6F3C98BB2259 /* String+Redaction.swift */ = {isa = PBXFileReference; lastKnownFileType = sourcecode.swift; path = "String+Redaction.swift"; sourceTree = "<group>"; };
		570D813E91B8BA102ED58407 /* SessionForker.swift */ = {isa = PBXFileReference; lastKnownFileType = sourcecode.swift; path = SessionForker.swift; sourceTree = "<group>"; };
		59EC49DEA6EEF15D3F6AB025 /* StatsComputerTests.swift */ = {isa = PBXFileReference; lastKnownFileType = sourcecode.swift; path = StatsComputerTests.swift; sourceTree = "<group>"; };
		5DDDDF7A67EE956F1C4F71AC /* ProjectListViewModel.swift */ = {isa = PBXFileReference; lastKnownFileType = sourcecode.swift; path = ProjectListViewModel.swift; sourceTree = "<group>"; };
		5E5E740447459449E80D38E3 /* MainTabBarView.swift */ = {isa = PBXFileReference; lastKnownFileType = sourcecode.swift; path = MainTabBarView.swift; sourceTree = "<group>"; };
		614E14E337A94E214C8F53B8 /* GitInfoView.swift */ = {isa = PBXFileReference; lastKnownFileType = sourcecode.swift; path = GitInfoView.swift; sourceTree = "<group>"; };
		650515D0DA10ED1809FBD4C8 /* DataStore.swift */ = {isa = PBXFileReference; lastKnownFileType = sourcecode.swift; path = DataStore.swift; sourceTree = "<group>"; };
		65B7B470982BD1F4A428CF56 /* MarkdownExporterTests.swift */ = {isa = PBXFileReference; lastKnownFileType = sourcecode.swift; path = MarkdownExporterTests.swift; sourceTree = "<group>"; };
		674F28028B00591225DEEB99 /* SearchResult.swift */ = {isa = PBXFileReference; lastKnownFileType = sourcecode.swift; path = SearchResult.swift; sourceTree = "<group>"; };
		67504CD995C63412274A8938 /* TurnDiffer.swift */ = {isa = PBXFileReference; lastKnownFileType = sourcecode.swift; path = TurnDiffer.swift; sourceTree = "<group>"; };
		68839726015720FAD543EAF2 /* SearchService.swift */ = {isa = PBXFileReference; lastKnownFileType = sourcecode.swift; path = SearchService.swift; sourceTree = "<group>"; };
		68F9829852C4B86B0A5378DA /* PermissionDecision.swift */ = {isa = PBXFileReference; lastKnownFileType = sourcecode.swift; path = PermissionDecision.swift; sourceTree = "<group>"; };
		69D21F39A5BA4E082F4CE3C0 /* StatsView.swift */ = {isa = PBXFileReference; lastKnownFileType = sourcecode.swift; path = StatsView.swift; sourceTree = "<group>"; };
		6C8795A8FF4C0E535ADD41DB /* SettingsView.swift */ = {isa = PBXFileReference; lastKnownFileType = sourcecode.swift; path = SettingsView.swift; sourceTree = "<group>"; };
		6CD325A95BC306E0B73719D1 /* ChatAttachmentPreviewSheet.swift */ = {isa = PBXFileReference; lastKnownFileType = sourcecode.swift; path = ChatAttachmentPreviewSheet.swift; sourceTree = "<group>"; };
		6D8F0CCD01CC502FDD993EC5 /* MarkdownExporter.swift */ = {isa = PBXFileReference; lastKnownFileType = sourcecode.swift; path = MarkdownExporter.swift; sourceTree = "<group>"; };
		6DA513A19BB4FA0049682DD4 /* Color+Theme.swift */ = {isa = PBXFileReference; lastKnownFileType = sourcecode.swift; path = "Color+Theme.swift"; sourceTree = "<group>"; };
		719463A391685C9DD5CBB389 /* Claude_MTW_ReplayApp.swift */ = {isa = PBXFileReference; lastKnownFileType = sourcecode.swift; path = Claude_MTW_ReplayApp.swift; sourceTree = "<group>"; };
		72D112297A18608E34256EF2 /* SidecarLocator.swift */ = {isa = PBXFileReference; lastKnownFileType = sourcecode.swift; path = SidecarLocator.swift; sourceTree = "<group>"; };
		732C1943EA0524C308C1CC3F /* SessionListViewModel.swift */ = {isa = PBXFileReference; lastKnownFileType = sourcecode.swift; path = SessionListViewModel.swift; sourceTree = "<group>"; };
		73654E57B25E0A1245632881 /* TranscriptTurnView.swift */ = {isa = PBXFileReference; lastKnownFileType = sourcecode.swift; path = TranscriptTurnView.swift; sourceTree = "<group>"; };
		7576F9FDF8A6FD62268AC68A /* StatsOverviewCards.swift */ = {isa = PBXFileReference; lastKnownFileType = sourcecode.swift; path = StatsOverviewCards.swift; sourceTree = "<group>"; };
		76C270E32B4C9C3CBE1B39E7 /* ProjectHeaderView.swift */ = {isa = PBXFileReference; lastKnownFileType = sourcecode.swift; path = ProjectHeaderView.swift; sourceTree = "<group>"; };
		7B4B6515084FEAA1284F61DF /* MarkdownTextView.swift */ = {isa = PBXFileReference; lastKnownFileType = sourcecode.swift; path = MarkdownTextView.swift; sourceTree = "<group>"; };
		8008F783C116DB6E81155E20 /* ThemeToolbarMenu.swift */ = {isa = PBXFileReference; lastKnownFileType = sourcecode.swift; path = ThemeToolbarMenu.swift; sourceTree = "<group>"; };
		807A448A33993DC6EC5B8422 /* FilesAccessedView.swift */ = {isa = PBXFileReference; lastKnownFileType = sourcecode.swift; path = FilesAccessedView.swift; sourceTree = "<group>"; };
		80F954108BA6B8BE18DFA306 /* ReplayTurnView.swift */ = {isa = PBXFileReference; lastKnownFileType = sourcecode.swift; path = ReplayTurnView.swift; sourceTree = "<group>"; };
		83781BF5B1B57100496B62CC /* TranscriptView.swift */ = {isa = PBXFileReference; lastKnownFileType = sourcecode.swift; path = TranscriptView.swift; sourceTree = "<group>"; };
		8660B46406B32AB9173B3152 /* ReplayControlsView.swift */ = {isa = PBXFileReference; lastKnownFileType = sourcecode.swift; path = ReplayControlsView.swift; sourceTree = "<group>"; };
		873953D0C3D9372198FEA979 /* ChatTranscriptEntity.swift */ = {isa = PBXFileReference; lastKnownFileType = sourcecode.swift; path = ChatTranscriptEntity.swift; sourceTree = "<group>"; };
		8754EB2E6DEDD5947D83F313 /* BashCommandsListView.swift */ = {isa = PBXFileReference; lastKnownFileType = sourcecode.swift; path = BashCommandsListView.swift; sourceTree = "<group>"; };
		8BD0B249FCB337BAC3EB6682 /* SessionRowView.swift */ = {isa = PBXFileReference; lastKnownFileType = sourcecode.swift; path = SessionRowView.swift; sourceTree = "<group>"; };
		8C8190DE0E572F94E981E504 /* ChatSessionListView.swift */ = {isa = PBXFileReference; lastKnownFileType = sourcecode.swift; path = ChatSessionListView.swift; sourceTree = "<group>"; };
		8C92B173CCD6E6E7849F01D5 /* player.html */ = {isa = PBXFileReference; lastKnownFileType = text.html; path = player.html; sourceTree = "<group>"; };
		8DDABE0C881BCCF53D00BCAD /* PermissionDecisionEntity.swift */ = {isa = PBXFileReference; lastKnownFileType = sourcecode.swift; path = PermissionDecisionEntity.swift; sourceTree = "<group>"; };
		8EB62FC14AC46AFA0C607CEF /* BookmarkBarView.swift */ = {isa = PBXFileReference; lastKnownFileType = sourcecode.swift; path = BookmarkBarView.swift; sourceTree = "<group>"; };
		90EDB9A70DD855D8190551DC /* SessionStatsEntity.swift */ = {isa = PBXFileReference; lastKnownFileType = sourcecode.swift; path = SessionStatsEntity.swift; sourceTree = "<group>"; };
		9145AF8747391B5CDE49DEC5 /* ExportViewModel.swift */ = {isa = PBXFileReference; lastKnownFileType = sourcecode.swift; path = ExportViewModel.swift; sourceTree = "<group>"; };
		94C96D92AB481277BCA8905B /* HTMLRendererTests.swift */ = {isa = PBXFileReference; lastKnownFileType = sourcecode.swift; path = HTMLRendererTests.swift; sourceTree = "<group>"; };
		97A5F812F1AD478FAE631A8B /* ClaudeAgentSkeletonTests.swift */ = {isa = PBXFileReference; lastKnownFileType = sourcecode.swift; path = ClaudeAgentSkeletonTests.swift; sourceTree = "<group>"; };
		983060A458FD52D10E4E97D9 /* HTMLExtractor.swift */ = {isa = PBXFileReference; lastKnownFileType = sourcecode.swift; path = HTMLExtractor.swift; sourceTree = "<group>"; };
		986F33DB113C79268D6898DB /* StreamEventTests.swift */ = {isa = PBXFileReference; lastKnownFileType = sourcecode.swift; path = StreamEventTests.swift; sourceTree = "<group>"; };
		99FCBB5EA97CEF57F7A0828D /* ExportProgressView.swift */ = {isa = PBXFileReference; lastKnownFileType = sourcecode.swift; path = ExportProgressView.swift; sourceTree = "<group>"; };
		9CFDFA8148F2BF16800E0E52 /* themes.json */ = {isa = PBXFileReference; lastKnownFileType = text.json; path = themes.json; sourceTree = "<group>"; };
		9D019223551B24AD5D6AA436 /* ChatInputBarView.swift */ = {isa = PBXFileReference; lastKnownFileType = sourcecode.swift; path = ChatInputBarView.swift; sourceTree = "<group>"; };
		9E80AADE011D974BD3E0A4DC /* ContentView.swift */ = {isa = PBXFileReference; lastKnownFileType = sourcecode.swift; path = ContentView.swift; sourceTree = "<group>"; };
		9F3EF4D5C9EE2583D0A75E14 /* ClaudeAgent.swift */ = {isa = PBXFileReference; lastKnownFileType = sourcecode.swift; path = ClaudeAgent.swift; sourceTree = "<group>"; };
		9FC411D991BD25704E5EF57C /* Date+Formatting.swift */ = {isa = PBXFileReference; lastKnownFileType = sourcecode.swift; path = "Date+Formatting.swift"; sourceTree = "<group>"; };
		A099995170A5FE597B144C0A /* TranscriptViewModel.swift */ = {isa = PBXFileReference; lastKnownFileType = sourcecode.swift; path = TranscriptViewModel.swift; sourceTree = "<group>"; };
		A26BC37F5BA39608B2807E83 /* SecretRedactor.swift */ = {isa = PBXFileReference; lastKnownFileType = sourcecode.swift; path = SecretRedactor.swift; sourceTree = "<group>"; };
		A349AC7BCD5937B9D211E575 /* ProjectRowView.swift */ = {isa = PBXFileReference; lastKnownFileType = sourcecode.swift; path = ProjectRowView.swift; sourceTree = "<group>"; };
		A36A9DB2E87F63D943E779A0 /* FileWatcher.swift */ = {isa = PBXFileReference; lastKnownFileType = sourcecode.swift; path = FileWatcher.swift; sourceTree = "<group>"; };
		A3BACE77DECCB226BA8C0E3A /* SystemPromptSheet.swift */ = {isa = PBXFileReference; lastKnownFileType = sourcecode.swift; path = SystemPromptSheet.swift; sourceTree = "<group>"; };
		A463F0AB38CEFFCE3B8AE1BB /* ChainedReplaySheet.swift */ = {isa = PBXFileReference; lastKnownFileType = sourcecode.swift; path = ChainedReplaySheet.swift; sourceTree = "<group>"; };
		A4BF7CE2EE251B51E6CCCF75 /* ExportSheet.swift */ = {isa = PBXFileReference; lastKnownFileType = sourcecode.swift; path = ExportSheet.swift; sourceTree = "<group>"; };
		A5C8D2B5BDDB8F58358AF173 /* CodeBlockView.swift */ = {isa = PBXFileReference; lastKnownFileType = sourcecode.swift; path = CodeBlockView.swift; sourceTree = "<group>"; };
		A71444B583BFB95B87223E59 /* SessionStats.swift */ = {isa = PBXFileReference; lastKnownFileType = sourcecode.swift; path = SessionStats.swift; sourceTree = "<group>"; };
		A8076019AC85596850C81BBB /* ChatTabContainerView.swift */ = {isa = PBXFileReference; lastKnownFileType = sourcecode.swift; path = ChatTabContainerView.swift; sourceTree = "<group>"; };
		AA7A0D7FECB2A1E204466F8A /* HTMLRenderer.swift */ = {isa = PBXFileReference; lastKnownFileType = sourcecode.swift; path = HTMLRenderer.swift; sourceTree = "<group>"; };
		AB0687EF62607C80606F288E /* StreamEvent.swift */ = {isa = PBXFileReference; lastKnownFileType = sourcecode.swift; path = StreamEvent.swift; sourceTree = "<group>"; };
		ABCEC13B340E66A0FEFD241C /* FavoritesViewModel.swift */ = {isa = PBXFileReference; lastKnownFileType = sourcecode.swift; path = FavoritesViewModel.swift; sourceTree = "<group>"; };
		AC07E22B82C6559BE1EB07BB /* CrashReporter.swift */ = {isa = PBXFileReference; lastKnownFileType = sourcecode.swift; path = CrashReporter.swift; sourceTree = "<group>"; };
		AE7053614A30B8A49277C4E2 /* TagsSectionView.swift */ = {isa = PBXFileReference; lastKnownFileType = sourcecode.swift; path = TagsSectionView.swift; sourceTree = "<group>"; };
		B0F5792C5005E540F622F8C7 /* Claude-MTW-Replay.app */ = {isa = PBXFileReference; explicitFileType = wrapper.application; includeInIndex = 0; path = "Claude-MTW-Replay.app"; sourceTree = BUILT_PRODUCTS_DIR; };
		B18A5E4D1A8988ED053F8E88 /* GitView.swift */ = {isa = PBXFileReference; lastKnownFileType = sourcecode.swift; path = GitView.swift; sourceTree = "<group>"; };
		B2701E340FA4B389DD8B5553 /* ReplayView.swift */ = {isa = PBXFileReference; lastKnownFileType = sourcecode.swift; path = ReplayView.swift; sourceTree = "<group>"; };
		B5E1A4CA907C1E9A4EE26840 /* SpinnerVerbView.swift */ = {isa = PBXFileReference; lastKnownFileType = sourcecode.swift; path = SpinnerVerbView.swift; sourceTree = "<group>"; };
		B6695E03876E454C189C340A /* mascot.png */ = {isa = PBXFileReference; lastKnownFileType = image.png; path = mascot.png; sourceTree = "<group>"; };
		B9E0E264FAA6A5AA8CA4F839 /* Turn.swift */ = {isa = PBXFileReference; lastKnownFileType = sourcecode.swift; path = Turn.swift; sourceTree = "<group>"; };
		BB0AB47AE7838551263D553D /* StatusItemController.swift */ = {isa = PBXFileReference; lastKnownFileType = sourcecode.swift; path = StatusItemController.swift; sourceTree = "<group>"; };
		BC5058E42EC2C09FB93F7BCF /* SecretRedactorTests.swift */ = {isa = PBXFileReference; lastKnownFileType = sourcecode.swift; path = SecretRedactorTests.swift; sourceTree = "<group>"; };
		BD938D30DCD41089A8386154 /* ChatView.swift */ = {isa = PBXFileReference; lastKnownFileType = sourcecode.swift; path = ChatView.swift; sourceTree = "<group>"; };
		BD9FD38861538A95095E2D30 /* SlashCommandService.swift */ = {isa = PBXFileReference; lastKnownFileType = sourcecode.swift; path = SlashCommandService.swift; sourceTree = "<group>"; };
		BDA824BA0C401F231AF2551F /* SessionDiscovery.swift */ = {isa = PBXFileReference; lastKnownFileType = sourcecode.swift; path = SessionDiscovery.swift; sourceTree = "<group>"; };
		BE9E48E02DAA84AF22CE8A09 /* TranscriptParser.swift */ = {isa = PBXFileReference; lastKnownFileType = sourcecode.swift; path = TranscriptParser.swift; sourceTree = "<group>"; };
		C1C205720692037FEEF9128C /* GlobalSearchView.swift */ = {isa = PBXFileReference; lastKnownFileType = sourcecode.swift; path = GlobalSearchView.swift; sourceTree = "<group>"; };
		C3AA2E85D8915B56BBC79EF0 /* EditorView.swift */ = {isa = PBXFileReference; lastKnownFileType = sourcecode.swift; path = EditorView.swift; sourceTree = "<group>"; };
		C8603672CC2A4563018EA190 /* SlashCommand.swift */ = {isa = PBXFileReference; lastKnownFileType = sourcecode.swift; path = SlashCommand.swift; sourceTree = "<group>"; };
		C9FE58D169B93203F04E8556 /* SessionResolver.swift */ = {isa = PBXFileReference; lastKnownFileType = sourcecode.swift; path = SessionResolver.swift; sourceTree = "<group>"; };
		CB311BA8BEBB853FDFADCBDB /* TranscriptParserTests.swift */ = {isa = PBXFileReference; lastKnownFileType = sourcecode.swift; path = TranscriptParserTests.swift; sourceTree = "<group>"; };
		CB7774C2C8956592614B18A2 /* EmptyStateView.swift */ = {isa = PBXFileReference; lastKnownFileType = sourcecode.swift; path = EmptyStateView.swift; sourceTree = "<group>"; };
		CD331BCD3DA55D61226EDD21 /* ThemePickerView.swift */ = {isa = PBXFileReference; lastKnownFileType = sourcecode.swift; path = ThemePickerView.swift; sourceTree = "<group>"; };
		CE3C03A3211511707ABDAC09 /* KeyboardShortcutsView.swift */ = {isa = PBXFileReference; lastKnownFileType = sourcecode.swift; path = KeyboardShortcutsView.swift; sourceTree = "<group>"; };
		CF5AFE4A5F0AA1F52AF0EAB2 /* ToastView.swift */ = {isa = PBXFileReference; lastKnownFileType = sourcecode.swift; path = ToastView.swift; sourceTree = "<group>"; };
		CFFF0C29A794E3C68613C927 /* SessionResolverTests.swift */ = {isa = PBXFileReference; lastKnownFileType = sourcecode.swift; path = SessionResolverTests.swift; sourceTree = "<group>"; };
		D146695BE4F9A6D7271A9231 /* ChatActiveListView.swift */ = {isa = PBXFileReference; lastKnownFileType = sourcecode.swift; path = ChatActiveListView.swift; sourceTree = "<group>"; };
		D49B440A9E80429144580128 /* GitViewModel.swift */ = {isa = PBXFileReference; lastKnownFileType = sourcecode.swift; path = GitViewModel.swift; sourceTree = "<group>"; };
		D6D8111B08585BCF7957C5BA /* TranscriptFilterBar.swift */ = {isa = PBXFileReference; lastKnownFileType = sourcecode.swift; path = TranscriptFilterBar.swift; sourceTree = "<group>"; };
		D734FA4EAA261FAB8A645F9D /* BookmarksEditorView.swift */ = {isa = PBXFileReference; lastKnownFileType = sourcecode.swift; path = BookmarksEditorView.swift; sourceTree = "<group>"; };
		D8197276A363153E9C31FD3E /* Info.plist */ = {isa = PBXFileReference; lastKnownFileType = text.plist; path = Info.plist; sourceTree = "<group>"; };
		D81C6F1E1BA4C0AC42B3DD19 /* AgentsListView.swift */ = {isa = PBXFileReference; lastKnownFileType = sourcecode.swift; path = AgentsListView.swift; sourceTree = "<group>"; };
		D86FEDAA1606AAE985DFB5BB /* ThinkingBlockView.swift */ = {isa = PBXFileReference; lastKnownFileType = sourcecode.swift; path = ThinkingBlockView.swift; sourceTree = "<group>"; };
		DAA33C481B005FCDD9AC293D /* ChatAttachmentChip.swift */ = {isa = PBXFileReference; lastKnownFileType = sourcecode.swift; path = ChatAttachmentChip.swift; sourceTree = "<group>"; };
		DE94D6395745F4522CF30929 /* Data+Compression.swift */ = {isa = PBXFileReference; lastKnownFileType = sourcecode.swift; path = "Data+Compression.swift"; sourceTree = "<group>"; };
		DF14A33EE4622894B2D0DA62 /* ThemeService.swift */ = {isa = PBXFileReference; lastKnownFileType = sourcecode.swift; path = ThemeService.swift; sourceTree = "<group>"; };
		DF60C2D84BAA0C9768F42519 /* ChatModelPickerView.swift */ = {isa = PBXFileReference; lastKnownFileType = sourcecode.swift; path = ChatModelPickerView.swift; sourceTree = "<group>"; };
		E08AFF1EEDB5A35B7E021C08 /* ChatAttachment.swift */ = {isa = PBXFileReference; lastKnownFileType = sourcecode.swift; path = ChatAttachment.swift; sourceTree = "<group>"; };
		E4E1919F2197ED040F01A15F /* SpinnerVerbs.swift */ = {isa = PBXFileReference; lastKnownFileType = sourcecode.swift; path = SpinnerVerbs.swift; sourceTree = "<group>"; };
		E70CD3E5D564826A9EA860E1 /* EditorViewModel.swift */ = {isa = PBXFileReference; lastKnownFileType = sourcecode.swift; path = EditorViewModel.swift; sourceTree = "<group>"; };
		E8266B0348715BEE5E98169F /* TagsViewModel.swift */ = {isa = PBXFileReference; lastKnownFileType = sourcecode.swift; path = TagsViewModel.swift; sourceTree = "<group>"; };
		EE8B1B70F8E457E6E95DA5AF /* ReplayViewModel.swift */ = {isa = PBXFileReference; lastKnownFileType = sourcecode.swift; path = ReplayViewModel.swift; sourceTree = "<group>"; };
		F1F4495902D5261DF5042D9B /* SecretPattern.swift */ = {isa = PBXFileReference; lastKnownFileType = sourcecode.swift; path = SecretPattern.swift; sourceTree = "<group>"; };
		F27CEEFD1DC8A4EC85435CB9 /* GitService.swift */ = {isa = PBXFileReference; lastKnownFileType = sourcecode.swift; path = GitService.swift; sourceTree = "<group>"; };
		F4FE85FCE3CF42D387C36627 /* AccountSwitcherMenu.swift */ = {isa = PBXFileReference; lastKnownFileType = sourcecode.swift; path = AccountSwitcherMenu.swift; sourceTree = "<group>"; };
		F5FC06199D9BBAD956EF705F /* Theme.swift */ = {isa = PBXFileReference; lastKnownFileType = sourcecode.swift; path = Theme.swift; sourceTree = "<group>"; };
		F65CF5EFF7F71F6F2AC11DD7 /* FileManager+Sessions.swift */ = {isa = PBXFileReference; lastKnownFileType = sourcecode.swift; path = "FileManager+Sessions.swift"; sourceTree = "<group>"; };
		F68C7CB5783E9890A7724297 /* TagChipView.swift */ = {isa = PBXFileReference; lastKnownFileType = sourcecode.swift; path = TagChipView.swift; sourceTree = "<group>"; };
		FF40B67089BDACAB3C2FDA3C /* ChatViewModel.swift */ = {isa = PBXFileReference; lastKnownFileType = sourcecode.swift; path = ChatViewModel.swift; sourceTree = "<group>"; };
		FF9388F22EDA2D79BD5E0EE4 /* UserMessageView.swift */ = {isa = PBXFileReference; lastKnownFileType = sourcecode.swift; path = UserMessageView.swift; sourceTree = "<group>"; };
/* End PBXFileReference section */

/* Begin PBXGroup section */
		08F031296467686CC2301695 /* MenuBar */ = {
			isa = PBXGroup;
			children = (
				BB0AB47AE7838551263D553D /* StatusItemController.swift */,
			);
			path = MenuBar;
			sourceTree = "<group>";
		};
		09C0188549F58E6AADFC8CEF /* Search */ = {
			isa = PBXGroup;
			children = (
				C1C205720692037FEEF9128C /* GlobalSearchView.swift */,
				3F9E36198B9BB8A679C71197 /* SearchResultRowView.swift */,
			);
			path = Search;
			sourceTree = "<group>";
		};
		10AFE1C610C8C55F80CA06E2 /* Chats */ = {
			isa = PBXGroup;
			children = (
				D146695BE4F9A6D7271A9231 /* ChatActiveListView.swift */,
				DAA33C481B005FCDD9AC293D /* ChatAttachmentChip.swift */,
				6CD325A95BC306E0B73719D1 /* ChatAttachmentPreviewSheet.swift */,
				34D4D806D1CCE464CA01702C /* ChatBranchListView.swift */,
				9D019223551B24AD5D6AA436 /* ChatInputBarView.swift */,
				DF60C2D84BAA0C9768F42519 /* ChatModelPickerView.swift */,
				8C8190DE0E572F94E981E504 /* ChatSessionListView.swift */,
				2566407E7242DBDC47A505D8 /* ChatsView.swift */,
				A8076019AC85596850C81BBB /* ChatTabContainerView.swift */,
				3A8D91C372F0009F767A5B62 /* ChatToolPickerView.swift */,
				BD938D30DCD41089A8386154 /* ChatView.swift */,
				1A2BFEA8722B2E02187F6926 /* ModeToggleView.swift */,
				0B663E50C5953FDFE963B2F1 /* PermissionAlertView.swift */,
				216A03900A6F6004A80BFE93 /* SlashCommandPickerView.swift */,
				A3BACE77DECCB226BA8C0E3A /* SystemPromptSheet.swift */,
			);
			path = Chats;
			sourceTree = "<group>";
		};
		114D93DF1B33600771C0421A = {
			isa = PBXGroup;
			children = (
				D830573C002154AE2B7C28BE /* Claude-MTW-Replay */,
				9B66529CA00C5817F33C73BC /* Tests */,
				2CCE453558BED91AEDB0F08E /* Products */,
			);
			sourceTree = "<group>";
		};
		159D9346784B266BB5561D48 /* Extensions */ = {
			isa = PBXGroup;
			children = (
				6DA513A19BB4FA0049682DD4 /* Color+Theme.swift */,
				DE94D6395745F4522CF30929 /* Data+Compression.swift */,
				9FC411D991BD25704E5EF57C /* Date+Formatting.swift */,
				F65CF5EFF7F71F6F2AC11DD7 /* FileManager+Sessions.swift */,
				5385AA8647DD6F3C98BB2259 /* String+Redaction.swift */,
			);
			path = Extensions;
			sourceTree = "<group>";
		};
		2CCE453558BED91AEDB0F08E /* Products */ = {
			isa = PBXGroup;
			children = (
				B0F5792C5005E540F622F8C7 /* Claude-MTW-Replay.app */,
				3D22222F7CBD0CAEA12CF621 /* Claude-MTW-ReplayTests.xctest */,
			);
			name = Products;
			sourceTree = "<group>";
		};
		2E5E2006B8ED4F7B79CC14E5 /* Editor */ = {
			isa = PBXGroup;
			children = (
				C3AA2E85D8915B56BBC79EF0 /* EditorView.swift */,
				23FE2A2CCA29B53D4467BD1F /* TurnBrowserPanel.swift */,
				31A370418EF2AE359F6FD85A /* TurnEditorPanel.swift */,
			);
			path = Editor;
			sourceTree = "<group>";
		};
		345B0C2525C5861CC552847A /* ViewModels */ = {
			isa = PBXGroup;
			children = (
				FF40B67089BDACAB3C2FDA3C /* ChatViewModel.swift */,
				E70CD3E5D564826A9EA860E1 /* EditorViewModel.swift */,
				9145AF8747391B5CDE49DEC5 /* ExportViewModel.swift */,
				ABCEC13B340E66A0FEFD241C /* FavoritesViewModel.swift */,
				D49B440A9E80429144580128 /* GitViewModel.swift */,
				5DDDDF7A67EE956F1C4F71AC /* ProjectListViewModel.swift */,
				EE8B1B70F8E457E6E95DA5AF /* ReplayViewModel.swift */,
				732C1943EA0524C308C1CC3F /* SessionListViewModel.swift */,
				072A95DCE0058FAD3BEC4E10 /* StatsViewModel.swift */,
				E8266B0348715BEE5E98169F /* TagsViewModel.swift */,
				A099995170A5FE597B144C0A /* TranscriptViewModel.swift */,
			);
			path = ViewModels;
			sourceTree = "<group>";
		};
		4FC602A0E71DF72C2866236F /* Replay */ = {
			isa = PBXGroup;
			children = (
				4E11C9B4B77CCCB48FEBDD1B /* AssistantTextView.swift */,
				8EB62FC14AC46AFA0C607CEF /* BookmarkBarView.swift */,
				D734FA4EAA261FAB8A645F9D /* BookmarksEditorView.swift */,
				8660B46406B32AB9173B3152 /* ReplayControlsView.swift */,
				80F954108BA6B8BE18DFA306 /* ReplayTurnView.swift */,
				B2701E340FA4B389DD8B5553 /* ReplayView.swift */,
				D86FEDAA1606AAE985DFB5BB /* ThinkingBlockView.swift */,
				1EF7EE497C0681170D0C1C6C /* ToolCallView.swift */,
				FF9388F22EDA2D79BD5E0EE4 /* UserMessageView.swift */,
			);
			path = Replay;
			sourceTree = "<group>";
		};
		52ED93F3F3074D32636689CF /* Transcript */ = {
			isa = PBXGroup;
			children = (
				D6D8111B08585BCF7957C5BA /* TranscriptFilterBar.swift */,
				25F66145708F58A52897FF41 /* TranscriptSearchBar.swift */,
				73654E57B25E0A1245632881 /* TranscriptTurnView.swift */,
				83781BF5B1B57100496B62CC /* TranscriptView.swift */,
			);
			path = Transcript;
			sourceTree = "<group>";
		};
		53736759E201B7FC45E54B66 /* Stats */ = {
			isa = PBXGroup;
			children = (
				D81C6F1E1BA4C0AC42B3DD19 /* AgentsListView.swift */,
				8754EB2E6DEDD5947D83F313 /* BashCommandsListView.swift */,
				807A448A33993DC6EC5B8422 /* FilesAccessedView.swift */,
				7576F9FDF8A6FD62268AC68A /* StatsOverviewCards.swift */,
				69D21F39A5BA4E082F4CE3C0 /* StatsView.swift */,
				45F90868FA9E087E9EDF4E5A /* ToolBreakdownChart.swift */,
			);
			path = Stats;
			sourceTree = "<group>";
		};
		6025A472BCBC3BF0D06224A1 /* Models */ = {
			isa = PBXGroup;
			children = (
				3F39A3672A2FA82C9873AB96 /* Bookmark.swift */,
				E08AFF1EEDB5A35B7E021C08 /* ChatAttachment.swift */,
				29A7653C39743F93746E85AB /* ExportOptions.swift */,
				68F9829852C4B86B0A5378DA /* PermissionDecision.swift */,
				07D5E6C592B46F8876B27495 /* Project.swift */,
				674F28028B00591225DEEB99 /* SearchResult.swift */,
				F1F4495902D5261DF5042D9B /* SecretPattern.swift */,
				4A194A1EFD5EBC4ED30C27D0 /* SessionMeta.swift */,
				A71444B583BFB95B87223E59 /* SessionStats.swift */,
				C8603672CC2A4563018EA190 /* SlashCommand.swift */,
				E4E1919F2197ED040F01A15F /* SpinnerVerbs.swift */,
				AB0687EF62607C80606F288E /* StreamEvent.swift */,
				F5FC06199D9BBAD956EF705F /* Theme.swift */,
				04FB3C8DDAA20C6A46451FE8 /* TranscriptFormat.swift */,
				B9E0E264FAA6A5AA8CA4F839 /* Turn.swift */,
				4D6302E81375BD90EFDC94C4 /* TurnDiffResult.swift */,
			);
			path = Models;
			sourceTree = "<group>";
		};
		9B66529CA00C5817F33C73BC /* Tests */ = {
			isa = PBXGroup;
			children = (
				97A5F812F1AD478FAE631A8B /* ClaudeAgentSkeletonTests.swift */,
				94C96D92AB481277BCA8905B /* HTMLRendererTests.swift */,
				65B7B470982BD1F4A428CF56 /* MarkdownExporterTests.swift */,
				BC5058E42EC2C09FB93F7BCF /* SecretRedactorTests.swift */,
				CFFF0C29A794E3C68613C927 /* SessionResolverTests.swift */,
				59EC49DEA6EEF15D3F6AB025 /* StatsComputerTests.swift */,
				986F33DB113C79268D6898DB /* StreamEventTests.swift */,
				18C949B76F236E14963E9C7C /* ThemeServiceTests.swift */,
				CB311BA8BEBB853FDFADCBDB /* TranscriptParserTests.swift */,
			);
			name = Tests;
			path = "Claude-MTW-Replay/Tests";
			sourceTree = "<group>";
		};
		9F6A391E25A995692A3930F3 /* Services */ = {
			isa = PBXGroup;
			children = (
				9F3EF4D5C9EE2583D0A75E14 /* ClaudeAgent.swift */,
				AC07E22B82C6559BE1EB07BB /* CrashReporter.swift */,
				A36A9DB2E87F63D943E779A0 /* FileWatcher.swift */,
				F27CEEFD1DC8A4EC85435CB9 /* GitService.swift */,
				983060A458FD52D10E4E97D9 /* HTMLExtractor.swift */,
				AA7A0D7FECB2A1E204466F8A /* HTMLRenderer.swift */,
				6D8F0CCD01CC502FDD993EC5 /* MarkdownExporter.swift */,
				68839726015720FAD543EAF2 /* SearchService.swift */,
				A26BC37F5BA39608B2807E83 /* SecretRedactor.swift */,
				BDA824BA0C401F231AF2551F /* SessionDiscovery.swift */,
				570D813E91B8BA102ED58407 /* SessionForker.swift */,
				3FBCDC81226C780D2768DC62 /* SessionMetaService.swift */,
				C9FE58D169B93203F04E8556 /* SessionResolver.swift */,
				72D112297A18608E34256EF2 /* SidecarLocator.swift */,
				BD9FD38861538A95095E2D30 /* SlashCommandService.swift */,
				3C0774F14BC34EDD989BF24B /* StatsComputer.swift */,
				1A08108CCB552342396B366C /* Telemetry.swift */,
				DF14A33EE4622894B2D0DA62 /* ThemeService.swift */,
				BE9E48E02DAA84AF22CE8A09 /* TranscriptParser.swift */,
				67504CD995C63412274A8938 /* TurnDiffer.swift */,
			);
			path = Services;
			sourceTree = "<group>";
		};
		A57973ED1B67D227DBC7B1AD /* Sidebar */ = {
			isa = PBXGroup;
			children = (
				225101FD1999826CEE155B46 /* FavoritesSectionView.swift */,
				A349AC7BCD5937B9D211E575 /* ProjectRowView.swift */,
				3018A6A9EF98134EB24D6A49 /* SidebarView.swift */,
				AE7053614A30B8A49277C4E2 /* TagsSectionView.swift */,
			);
			path = Sidebar;
			sourceTree = "<group>";
		};
		B18B089D7A71A0BFC6B19020 /* Git */ = {
			isa = PBXGroup;
			children = (
				48D938F790D1757F12525E2C /* CommitLogView.swift */,
				31701F42818D07676634A75B /* GitActionsView.swift */,
				1EBD642B3C22EED9903DAB5A /* GitGraphView.swift */,
				614E14E337A94E214C8F53B8 /* GitInfoView.swift */,
				B18A5E4D1A8988ED053F8E88 /* GitView.swift */,
			);
			path = Git;
			sourceTree = "<group>";
		};
		C00547FC6913726FF6098FC2 /* Dashboard */ = {
			isa = PBXGroup;
			children = (
				1898F7E6B6199BF4EA5D8087 /* ActivityHeatmapView.swift */,
				A463F0AB38CEFFCE3B8AE1BB /* ChainedReplaySheet.swift */,
				50D1AD42B181E75B7419525F /* DashboardView.swift */,
				1F786651AD54AD07648E0E06 /* PlansListView.swift */,
				13C27ECF503AF7B40B02B423 /* ProjectFilesView.swift */,
				76C270E32B4C9C3CBE1B39E7 /* ProjectHeaderView.swift */,
				1EC26C67347FFDCFDF22C73E /* SessionCompareView.swift */,
				8BD0B249FCB337BAC3EB6682 /* SessionRowView.swift */,
				40B59FB67B109F8E7BC87F90 /* SessionTableView.swift */,
			);
			path = Dashboard;
			sourceTree = "<group>";
		};
		C710B7E07637D05070930CA8 /* Resources */ = {
			isa = PBXGroup;
			children = (
				B6695E03876E454C189C340A /* mascot.png */,
				8C92B173CCD6E6E7849F01D5 /* player.html */,
				3A9C2099673FBC484CAC004C /* player.min.html */,
				9CFDFA8148F2BF16800E0E52 /* themes.json */,
			);
			path = Resources;
			sourceTree = "<group>";
		};
		C88697F0F3ECB16A210F96CC /* Views */ = {
			isa = PBXGroup;
			children = (
				10AFE1C610C8C55F80CA06E2 /* Chats */,
				C00547FC6913726FF6098FC2 /* Dashboard */,
				2E5E2006B8ED4F7B79CC14E5 /* Editor */,
				FE265CB78849223A9ED275E3 /* Export */,
				B18B089D7A71A0BFC6B19020 /* Git */,
				08F031296467686CC2301695 /* MenuBar */,
				4FC602A0E71DF72C2866236F /* Replay */,
				09C0188549F58E6AADFC8CEF /* Search */,
				CECB8DA6F14E071030860871 /* Shared */,
				A57973ED1B67D227DBC7B1AD /* Sidebar */,
				53736759E201B7FC45E54B66 /* Stats */,
				52ED93F3F3074D32636689CF /* Transcript */,
				9E80AADE011D974BD3E0A4DC /* ContentView.swift */,
			);
			path = Views;
			sourceTree = "<group>";
		};
		CECB8DA6F14E071030860871 /* Shared */ = {
			isa = PBXGroup;
			children = (
				F4FE85FCE3CF42D387C36627 /* AccountSwitcherMenu.swift */,
				A5C8D2B5BDDB8F58358AF173 /* CodeBlockView.swift */,
				1DFCC3516D4D0E1A71920583 /* DiffView.swift */,
				CB7774C2C8956592614B18A2 /* EmptyStateView.swift */,
				CE3C03A3211511707ABDAC09 /* KeyboardShortcutsView.swift */,
				5E5E740447459449E80D38E3 /* MainTabBarView.swift */,
				7B4B6515084FEAA1284F61DF /* MarkdownTextView.swift */,
				6C8795A8FF4C0E535ADD41DB /* SettingsView.swift */,
				B5E1A4CA907C1E9A4EE26840 /* SpinnerVerbView.swift */,
				F68C7CB5783E9890A7724297 /* TagChipView.swift */,
				CD331BCD3DA55D61226EDD21 /* ThemePickerView.swift */,
				8008F783C116DB6E81155E20 /* ThemeToolbarMenu.swift */,
				CF5AFE4A5F0AA1F52AF0EAB2 /* ToastView.swift */,
			);
			path = Shared;
			sourceTree = "<group>";
		};
		D32840269E120BCEA13FADF3 /* App */ = {
			isa = PBXGroup;
			children = (
				2E1B0C08D11A82B617D1931F /* AppDelegate.swift */,
				224BBE44EFAD3BB5E3511885 /* AppState.swift */,
				719463A391685C9DD5CBB389 /* Claude_MTW_ReplayApp.swift */,
			);
			path = App;
			sourceTree = "<group>";
		};
		D830573C002154AE2B7C28BE /* Claude-MTW-Replay */ = {
			isa = PBXGroup;
			children = (
				D32840269E120BCEA13FADF3 /* App */,
				159D9346784B266BB5561D48 /* Extensions */,
				6025A472BCBC3BF0D06224A1 /* Models */,
				F8608121A9F48CF6BEBC9EF7 /* Persistence */,
				C710B7E07637D05070930CA8 /* Resources */,
				9F6A391E25A995692A3930F3 /* Services */,
				345B0C2525C5861CC552847A /* ViewModels */,
				C88697F0F3ECB16A210F96CC /* Views */,
				D8197276A363153E9C31FD3E /* Info.plist */,
			);
			path = "Claude-MTW-Replay";
			sourceTree = "<group>";
		};
		F8608121A9F48CF6BEBC9EF7 /* Persistence */ = {
			isa = PBXGroup;
			children = (
				873953D0C3D9372198FEA979 /* ChatTranscriptEntity.swift */,
				650515D0DA10ED1809FBD4C8 /* DataStore.swift */,
				333CED3492BE3011F0DA22EF /* FavoriteEntity.swift */,
				8DDABE0C881BCCF53D00BCAD /* PermissionDecisionEntity.swift */,
				323DB8E7FBB144ED93D10B56 /* SessionMetaEntity.swift */,
				90EDB9A70DD855D8190551DC /* SessionStatsEntity.swift */,
				0F3B00D097456CD40CECC2AF /* TagEntity.swift */,
			);
			path = Persistence;
			sourceTree = "<group>";
		};
		FE265CB78849223A9ED275E3 /* Export */ = {
			isa = PBXGroup;
			children = (
				99FCBB5EA97CEF57F7A0828D /* ExportProgressView.swift */,
				A4BF7CE2EE251B51E6CCCF75 /* ExportSheet.swift */,
			);
			path = Export;
			sourceTree = "<group>";
		};
/* End PBXGroup section */

/* Begin PBXNativeTarget section */
		345E757E6706F110496EA166 /* Claude-MTW-Replay */ = {
			isa = PBXNativeTarget;
			buildConfigurationList = D6DE225D8F090CE02DCB09E4 /* Build configuration list for PBXNativeTarget "Claude-MTW-Replay" */;
			buildPhases = (
				F598FEFDC4A0232F0204885B /* Sources */,
				B2495F7FEFB002B801A6B44B /* Resources */,
				85943270AEB801E78624F8B1 /* Copy sidecar bundle */,
			);
			buildRules = (
			);
			dependencies = (
			);
			name = "Claude-MTW-Replay";
			packageProductDependencies = (
			);
			productName = "Claude-MTW-Replay";
			productReference = B0F5792C5005E540F622F8C7 /* Claude-MTW-Replay.app */;
			productType = "com.apple.product-type.application";
		};
		A8CC636B1044FEBF33D46621 /* Claude-MTW-ReplayTests */ = {
			isa = PBXNativeTarget;
			buildConfigurationList = 22CFE3EDB9462B11A894F0CA /* Build configuration list for PBXNativeTarget "Claude-MTW-ReplayTests" */;
			buildPhases = (
				8DFF7B36966EA5C842DFBBC8 /* Sources */,
			);
			buildRules = (
			);
			dependencies = (
				B53E380CEB405B71F3817180 /* PBXTargetDependency */,
			);
			name = "Claude-MTW-ReplayTests";
			packageProductDependencies = (
			);
			productName = "Claude-MTW-ReplayTests";
			productReference = 3D22222F7CBD0CAEA12CF621 /* Claude-MTW-ReplayTests.xctest */;
			productType = "com.apple.product-type.bundle.unit-test";
		};
/* End PBXNativeTarget section */

/* Begin PBXProject section */
		AE35B0E98B846D43722A5C8C /* Project object */ = {
			isa = PBXProject;
			attributes = {
				BuildIndependentTargetsInParallel = YES;
				LastUpgradeCheck = 1600;
				TargetAttributes = {
					345E757E6706F110496EA166 = {
						ProvisioningStyle = Automatic;
					};
				};
			};
			buildConfigurationList = 7A9CA13905BD847FA9C50B1B /* Build configuration list for PBXProject "Claude-MTW-Replay" */;
			developmentRegion = en;
			hasScannedForEncodings = 0;
			knownRegions = (
				Base,
				en,
			);
			mainGroup = 114D93DF1B33600771C0421A;
			minimizedProjectReferenceProxies = 1;
			preferredProjectObjectVersion = 77;
			productRefGroup = 2CCE453558BED91AEDB0F08E /* Products */;
			projectDirPath = "";
			projectRoot = "";
			targets = (
				345E757E6706F110496EA166 /* Claude-MTW-Replay */,
				A8CC636B1044FEBF33D46621 /* Claude-MTW-ReplayTests */,
			);
		};
/* End PBXProject section */

/* Begin PBXResourcesBuildPhase section */
		B2495F7FEFB002B801A6B44B /* Resources */ = {
			isa = PBXResourcesBuildPhase;
			buildActionMask = 2147483647;
			files = (
				0F6400E35711AB3BD5871754 /* mascot.png in Resources */,
				633EEFA1FA5840FC91B6E4BA /* player.html in Resources */,
				5DC0E2698C4B4CF6E2E171A9 /* player.min.html in Resources */,
				506D8081DDBFA30DEC86DA56 /* themes.json in Resources */,
			);
			runOnlyForDeploymentPostprocessing = 0;
		};
/* End PBXResourcesBuildPhase section */

/* Begin PBXShellScriptBuildPhase section */
		85943270AEB801E78624F8B1 /* Copy sidecar bundle */ = {
			isa = PBXShellScriptBuildPhase;
			buildActionMask = 2147483647;
			files = (
			);
			inputFileListPaths = (
			);
			inputPaths = (
			);
			name = "Copy sidecar bundle";
			outputFileListPaths = (
			);
			outputPaths = (
			);
			runOnlyForDeploymentPostprocessing = 0;
			shellPath = /bin/sh;
			shellScript = "set -eu\nSRC=\"${SRCROOT}/Claude-MTW-Replay/Sidecar\"\nDEST=\"${BUILT_PRODUCTS_DIR}/${UNLOCALIZED_RESOURCES_FOLDER_PATH}/Sidecar\"\nif [ ! -d \"$SRC\" ]; then\n  echo \"warning: $SRC missing — run swift/sidecar/build.sh first\"\n  exit 0\nfi\nmkdir -p \"$(dirname \"$DEST\")\"\nrm -rf \"$DEST\"\ncp -R \"$SRC\" \"$DEST\"\n";
		};
/* End PBXShellScriptBuildPhase section */

/* Begin PBXSourcesBuildPhase section */
		8DFF7B36966EA5C842DFBBC8 /* Sources */ = {
			isa = PBXSourcesBuildPhase;
			buildActionMask = 2147483647;
			files = (
				A67C49984A4DFD5241D0DFB3 /* ClaudeAgentSkeletonTests.swift in Sources */,
				1A2B6ED54F46277061EE778F /* HTMLRendererTests.swift in Sources */,
				073A17FE15428EAD0AB1C45E /* MarkdownExporterTests.swift in Sources */,
				F6FA6047ED3167809637293D /* SecretRedactorTests.swift in Sources */,
				7F2417B743EE64A9AC3F1A00 /* SessionResolverTests.swift in Sources */,
				C388115E3375CA6D2BB4539E /* StatsComputerTests.swift in Sources */,
				55829F4F05F15E94BAB84F38 /* StreamEventTests.swift in Sources */,
				1AF2DC10C8D3AB457CAEC5DC /* ThemeServiceTests.swift in Sources */,
				213D1ADA2153080D1363BD22 /* TranscriptParserTests.swift in Sources */,
			);
			runOnlyForDeploymentPostprocessing = 0;
		};
		F598FEFDC4A0232F0204885B /* Sources */ = {
			isa = PBXSourcesBuildPhase;
			buildActionMask = 2147483647;
			files = (
				289998EC08BA22FF045FA270 /* AccountSwitcherMenu.swift in Sources */,
				9D311860F0255EB31128614C /* ActivityHeatmapView.swift in Sources */,
				64D65A264529C48FAB088B53 /* AgentsListView.swift in Sources */,
				E51691F23AC61DB11207D68B /* AppDelegate.swift in Sources */,
				2CBA54983EC3AFFB2DF6B67C /* AppState.swift in Sources */,
				C7FBF0164F7364FB27BBC629 /* AssistantTextView.swift in Sources */,
				DEE93551A5C08398F4E1BA65 /* BashCommandsListView.swift in Sources */,
				777400CE076CF71CDF9BAD29 /* Bookmark.swift in Sources */,
				397AE315A227587D8C5C602F /* BookmarkBarView.swift in Sources */,
				A38B8080C339BA0521DF798C /* BookmarksEditorView.swift in Sources */,
				60E3491D68CC2121AF596104 /* ChainedReplaySheet.swift in Sources */,
				9BB2203DAD83656BCFB6CD41 /* ChatActiveListView.swift in Sources */,
				83FB4B1CCE7BBA5631C01314 /* ChatAttachment.swift in Sources */,
				33BFC05BCBD40EDC8DFAFCCE /* ChatAttachmentChip.swift in Sources */,
				6E8195DE7DF219BE5A4C153F /* ChatAttachmentPreviewSheet.swift in Sources */,
				181951D49465E2A8C31F45CF /* ChatBranchListView.swift in Sources */,
				ED832FC98D627508C969C83C /* ChatInputBarView.swift in Sources */,
				8E7CDC98AE15F6E7A10A294D /* ChatModelPickerView.swift in Sources */,
				7DD899A37FC4F1119E5CECDF /* ChatSessionListView.swift in Sources */,
				AFD063EFB24C3A132591EABB /* ChatTabContainerView.swift in Sources */,
				1BA18F1614944CDE6D20A5FD /* ChatToolPickerView.swift in Sources */,
				AD51DC69DA56D8742698E1D6 /* ChatTranscriptEntity.swift in Sources */,
				2935F672A8229230590B7938 /* ChatView.swift in Sources */,
				0895D6447929CACFAC9D6489 /* ChatViewModel.swift in Sources */,
				02F387489573648AF887CD11 /* ChatsView.swift in Sources */,
				61B107187BBCC33BC1EE06F2 /* ClaudeAgent.swift in Sources */,
				5CB2F17BE9062EBF77247E95 /* Claude_MTW_ReplayApp.swift in Sources */,
				6794DBED6BD1E6DCE5CF3C00 /* CodeBlockView.swift in Sources */,
				27B4B5322C151EF2DD2DF6E8 /* Color+Theme.swift in Sources */,
				F4C87E1630672F58B4C7088D /* CommitLogView.swift in Sources */,
				28C917936861417871942898 /* ContentView.swift in Sources */,
				FC4228D7E72B7C6025C4EFEA /* CrashReporter.swift in Sources */,
				3D31169AF1D0E5A7EC9F7552 /* DashboardView.swift in Sources */,
				06604C4135CFF20E1EE0B24D /* Data+Compression.swift in Sources */,
				45818EEAC2CEC8411D8A4A68 /* DataStore.swift in Sources */,
				555FF9BB914CEBF33D676B63 /* Date+Formatting.swift in Sources */,
				F73B37781285F654B39BB3D6 /* DiffView.swift in Sources */,
				9B6CBEF523F5C011538433CC /* EditorView.swift in Sources */,
				C985BC1536AD58E7842C2CF6 /* EditorViewModel.swift in Sources */,
				3F2F9BC09C5520C180B7C924 /* EmptyStateView.swift in Sources */,
				20B5151008E49412585C9D9E /* ExportOptions.swift in Sources */,
				A99AD020444F7A14176F5BC4 /* ExportProgressView.swift in Sources */,
				2282B180CC865D9FE909F629 /* ExportSheet.swift in Sources */,
				CA10FA472EC9D243F541DA36 /* ExportViewModel.swift in Sources */,
				6E3C9B9FA63ADA860A43D13A /* FavoriteEntity.swift in Sources */,
				20C6008B7E1BD90109592650 /* FavoritesSectionView.swift in Sources */,
				4DB1D903B01E16876FBFBA2F /* FavoritesViewModel.swift in Sources */,
				5B4FD587C34B5143C383BCCE /* FileManager+Sessions.swift in Sources */,
				9B4E3A5B8AA455D6B15C3FD7 /* FileWatcher.swift in Sources */,
				A57C3D19BE75EE3A28F53687 /* FilesAccessedView.swift in Sources */,
				1069CBA3683DF5D98B76DABE /* GitActionsView.swift in Sources */,
				9EC956F253D8CCFB0CD63398 /* GitGraphView.swift in Sources */,
				E1516CA7A8992920EE771EF9 /* GitInfoView.swift in Sources */,
				EA5168B0E21B92132808B984 /* GitService.swift in Sources */,
				712FD188C4D447B292D2DB18 /* GitView.swift in Sources */,
				22B57F97D7D259B675223329 /* GitViewModel.swift in Sources */,
				10D9E7A606D9529B357306DD /* GlobalSearchView.swift in Sources */,
				7490B74FCE498420D5B0B1C9 /* HTMLExtractor.swift in Sources */,
				593818D2D9B97D7D77F5D865 /* HTMLRenderer.swift in Sources */,
				A902FE27BD70DFFB06676CBC /* KeyboardShortcutsView.swift in Sources */,
				E601D4D97F0FBF1B4E972CB0 /* MainTabBarView.swift in Sources */,
				BDA28C49DA491CF278199444 /* MarkdownExporter.swift in Sources */,
				6BA6E6730145787D53FF609E /* MarkdownTextView.swift in Sources */,
				8092F8324AAC8DD15971C2AB /* ModeToggleView.swift in Sources */,
				854E0302CB55350195163558 /* PermissionAlertView.swift in Sources */,
				0CC787C6FE001BAEF0FFE7B8 /* PermissionDecision.swift in Sources */,
				D82D17D0EF48D63AB1E94A59 /* PermissionDecisionEntity.swift in Sources */,
				57FC97D892C0852BB31848A9 /* PlansListView.swift in Sources */,
				611ED56DE19C0ABFAA1D39AA /* Project.swift in Sources */,
				3F736F8D896FED46DB85F01A /* ProjectFilesView.swift in Sources */,
				F61597464B67D83B7A30786C /* ProjectHeaderView.swift in Sources */,
				FED39B35970DCB925BA11E32 /* ProjectListViewModel.swift in Sources */,
				E742BCCFD93F88B34249C3B7 /* ProjectRowView.swift in Sources */,
				08C32DA2BB15C36C33D64008 /* ReplayControlsView.swift in Sources */,
				3418B8F7E164D9B42F38F882 /* ReplayTurnView.swift in Sources */,
				3CA2C006E07E70CBA7DC06E8 /* ReplayView.swift in Sources */,
				2FCA75D99980ED10683BD794 /* ReplayViewModel.swift in Sources */,
				4AE210572C5AD92747D03497 /* SearchResult.swift in Sources */,
				2F8C6C686F7965D7ED4DD49D /* SearchResultRowView.swift in Sources */,
				72069215C53108EFE10B96FE /* SearchService.swift in Sources */,
				AEDF935625FA71E827E7049A /* SecretPattern.swift in Sources */,
				F0284B2E8BA9962EFCAD06C2 /* SecretRedactor.swift in Sources */,
				28409E0EA8F152CF9EC65EA3 /* SessionCompareView.swift in Sources */,
				DA1415D7D0045BE2AD71B506 /* SessionDiscovery.swift in Sources */,
				2B29299B7732326A83EAA5F6 /* SessionForker.swift in Sources */,
				DEE857498F44F21DDDC793C7 /* SessionListViewModel.swift in Sources */,
				4AA519A96852D5D3F3A4C265 /* SessionMeta.swift in Sources */,
				C6BAA01C1CD5B3D568487C6A /* SessionMetaEntity.swift in Sources */,
				3819410EC5A7369EEB1D07D2 /* SessionMetaService.swift in Sources */,
				84AC0B8FCE3691082358AB84 /* SessionResolver.swift in Sources */,
				7D99A39A39E2982E7A443B22 /* SessionRowView.swift in Sources */,
				566E32F9C38F7F68D3277442 /* SessionStats.swift in Sources */,
				B21FB30ED7AB7791BE6BE77C /* SessionStatsEntity.swift in Sources */,
				62B02E0BA2799418BF38D63F /* SessionTableView.swift in Sources */,
				FB80C1D0430D1058B638600C /* SettingsView.swift in Sources */,
				C6F7742A44FB5A353BF440D0 /* SidebarView.swift in Sources */,
				3D4799BE82D797A7EB6921DC /* SidecarLocator.swift in Sources */,
				722779B57DA88ED5630A7798 /* SlashCommand.swift in Sources */,
				69BCB54B82A93E0954BD34B3 /* SlashCommandPickerView.swift in Sources */,
				0B819123827BCE34CE0F07C6 /* SlashCommandService.swift in Sources */,
				9199BDE0A85405E2C0B87CAB /* SpinnerVerbView.swift in Sources */,
				96954EDADAE456C44E007C17 /* SpinnerVerbs.swift in Sources */,
				C08A5541B07BD810E0F5AD49 /* StatsComputer.swift in Sources */,
				7B3AE52491B4E82B9CC771CB /* StatsOverviewCards.swift in Sources */,
				42DF9CAF877A6BA5A24119E1 /* StatsView.swift in Sources */,
				F2242C382EEF0A9A9B87990F /* StatsViewModel.swift in Sources */,
				27F06703D747F12947981911 /* StatusItemController.swift in Sources */,
				868C65654288F2B4122A618C /* StreamEvent.swift in Sources */,
				29D104D4C71BA4FF37B7F618 /* String+Redaction.swift in Sources */,
				3338B83F401D1F46CAC11728 /* SystemPromptSheet.swift in Sources */,
				719059718175509AF4984F9D /* TagChipView.swift in Sources */,
				E7351641A673FC439F45F976 /* TagEntity.swift in Sources */,
				27B540C824413BBBD95AD6B2 /* TagsSectionView.swift in Sources */,
				AFA9D5E903ED99A4C7F42123 /* TagsViewModel.swift in Sources */,
				D3FFEB1C65EA42E54F22D443 /* Telemetry.swift in Sources */,
				73ED3D8D9FD60949B6897ECF /* Theme.swift in Sources */,
				EFC7D4D9DFA2A25FBBD66C16 /* ThemePickerView.swift in Sources */,
				3F98C0019E3B916E1253DFBC /* ThemeService.swift in Sources */,
				53926A1FF61F43B9CCA34E4F /* ThemeToolbarMenu.swift in Sources */,
				4FA92B179932451A24B155D1 /* ThinkingBlockView.swift in Sources */,
				259C2B32661C9CA48C06B2AF /* ToastView.swift in Sources */,
				B40454E0D5A2C9AE416C57B0 /* ToolBreakdownChart.swift in Sources */,
				CD25FE45C22083458E4A1204 /* ToolCallView.swift in Sources */,
				F57F48E83ADDEB64FF09CD29 /* TranscriptFilterBar.swift in Sources */,
				110263A4EAB4E0CA4B6FBDF2 /* TranscriptFormat.swift in Sources */,
				11A11B4BB496E71FA029AF79 /* TranscriptParser.swift in Sources */,
				408C0718985877AD20CF36DD /* TranscriptSearchBar.swift in Sources */,
				C99D1F73D08A353EA93EB9EF /* TranscriptTurnView.swift in Sources */,
				B9409B0E52FDA71E64EBC089 /* TranscriptView.swift in Sources */,
				2B3338547BA08DF424AE3A13 /* TranscriptViewModel.swift in Sources */,
				8B56F247EF9B7BDFFB3840FF /* Turn.swift in Sources */,
				F4C6730D00FBECF8506B5FE5 /* TurnBrowserPanel.swift in Sources */,
				F1B30154852E46B62EAFE23E /* TurnDiffResult.swift in Sources */,
				6A00F1B86F2209B675F1FCCD /* TurnDiffer.swift in Sources */,
				B8567D6BDD53405D00AF748F /* TurnEditorPanel.swift in Sources */,
				910D176A3FC37AA399BD7FB2 /* UserMessageView.swift in Sources */,
			);
			runOnlyForDeploymentPostprocessing = 0;
		};
/* End PBXSourcesBuildPhase section */

/* Begin PBXTargetDependency section */
		B53E380CEB405B71F3817180 /* PBXTargetDependency */ = {
			isa = PBXTargetDependency;
			target = 345E757E6706F110496EA166 /* Claude-MTW-Replay */;
			targetProxy = 3044E14D03814F775611ABAF /* PBXContainerItemProxy */;
		};
/* End PBXTargetDependency section */

/* Begin XCBuildConfiguration section */
		2A68BCD40E65CF9B6A582383 /* Debug */ = {
			isa = XCBuildConfiguration;
			buildSettings = {
				ALWAYS_SEARCH_USER_PATHS = NO;
				CLANG_ANALYZER_NONNULL = YES;
				CLANG_ANALYZER_NUMBER_OBJECT_CONVERSION = YES_AGGRESSIVE;
				CLANG_CXX_LANGUAGE_STANDARD = "gnu++14";
				CLANG_CXX_LIBRARY = "libc++";
				CLANG_ENABLE_MODULES = YES;
				CLANG_ENABLE_OBJC_ARC = YES;
				CLANG_ENABLE_OBJC_WEAK = YES;
				CLANG_WARN_BLOCK_CAPTURE_AUTORELEASING = YES;
				CLANG_WARN_BOOL_CONVERSION = YES;
				CLANG_WARN_COMMA = YES;
				CLANG_WARN_CONSTANT_CONVERSION = YES;
				CLANG_WARN_DEPRECATED_OBJC_IMPLEMENTATIONS = YES;
				CLANG_WARN_DIRECT_OBJC_ISA_USAGE = YES_ERROR;
				CLANG_WARN_DOCUMENTATION_COMMENTS = YES;
				CLANG_WARN_EMPTY_BODY = YES;
				CLANG_WARN_ENUM_CONVERSION = YES;
				CLANG_WARN_INFINITE_RECURSION = YES;
				CLANG_WARN_INT_CONVERSION = YES;
				CLANG_WARN_NON_LITERAL_NULL_CONVERSION = YES;
				CLANG_WARN_OBJC_IMPLICIT_RETAIN_SELF = YES;
				CLANG_WARN_OBJC_LITERAL_CONVERSION = YES;
				CLANG_WARN_OBJC_ROOT_CLASS = YES_ERROR;
				CLANG_WARN_QUOTED_INCLUDE_IN_FRAMEWORK_HEADER = YES;
				CLANG_WARN_RANGE_LOOP_ANALYSIS = YES;
				CLANG_WARN_STRICT_PROTOTYPES = YES;
				CLANG_WARN_SUSPICIOUS_MOVE = YES;
				CLANG_WARN_UNGUARDED_AVAILABILITY = YES_AGGRESSIVE;
				CLANG_WARN_UNREACHABLE_CODE = YES;
				CLANG_WARN__DUPLICATE_METHOD_MATCH = YES;
				COPY_PHASE_STRIP = NO;
				DEBUG_INFORMATION_FORMAT = dwarf;
				ENABLE_PREVIEWS = YES;
				ENABLE_STRICT_OBJC_MSGSEND = YES;
				ENABLE_TESTABILITY = YES;
				GCC_C_LANGUAGE_STANDARD = gnu11;
				GCC_DYNAMIC_NO_PIC = NO;
				GCC_NO_COMMON_BLOCKS = YES;
				GCC_OPTIMIZATION_LEVEL = 0;
				GCC_PREPROCESSOR_DEFINITIONS = (
					"$(inherited)",
					"DEBUG=1",
				);
				GCC_WARN_64_TO_32_BIT_CONVERSION = YES;
				GCC_WARN_ABOUT_RETURN_TYPE = YES_ERROR;
				GCC_WARN_UNDECLARED_SELECTOR = YES;
				GCC_WARN_UNINITIALIZED_AUTOS = YES_AGGRESSIVE;
				GCC_WARN_UNUSED_FUNCTION = YES;
				GCC_WARN_UNUSED_VARIABLE = YES;
				MACOSX_DEPLOYMENT_TARGET = 15.0;
				MTL_ENABLE_DEBUG_INFO = INCLUDE_SOURCE;
				MTL_FAST_MATH = YES;
				ONLY_ACTIVE_ARCH = YES;
				PRODUCT_NAME = "$(TARGET_NAME)";
				SDKROOT = macosx;
				SWIFT_ACTIVE_COMPILATION_CONDITIONS = DEBUG;
				SWIFT_OPTIMIZATION_LEVEL = "-Onone";
				SWIFT_STRICT_CONCURRENCY = complete;
				SWIFT_VERSION = 5.9;
			};
			name = Debug;
		};
		86AA7B548D5BDCA298A6C791 /* Release */ = {
			isa = XCBuildConfiguration;
			buildSettings = {
				ALWAYS_SEARCH_USER_PATHS = NO;
				CLANG_ANALYZER_NONNULL = YES;
				CLANG_ANALYZER_NUMBER_OBJECT_CONVERSION = YES_AGGRESSIVE;
				CLANG_CXX_LANGUAGE_STANDARD = "gnu++14";
				CLANG_CXX_LIBRARY = "libc++";
				CLANG_ENABLE_MODULES = YES;
				CLANG_ENABLE_OBJC_ARC = YES;
				CLANG_ENABLE_OBJC_WEAK = YES;
				CLANG_WARN_BLOCK_CAPTURE_AUTORELEASING = YES;
				CLANG_WARN_BOOL_CONVERSION = YES;
				CLANG_WARN_COMMA = YES;
				CLANG_WARN_CONSTANT_CONVERSION = YES;
				CLANG_WARN_DEPRECATED_OBJC_IMPLEMENTATIONS = YES;
				CLANG_WARN_DIRECT_OBJC_ISA_USAGE = YES_ERROR;
				CLANG_WARN_DOCUMENTATION_COMMENTS = YES;
				CLANG_WARN_EMPTY_BODY = YES;
				CLANG_WARN_ENUM_CONVERSION = YES;
				CLANG_WARN_INFINITE_RECURSION = YES;
				CLANG_WARN_INT_CONVERSION = YES;
				CLANG_WARN_NON_LITERAL_NULL_CONVERSION = YES;
				CLANG_WARN_OBJC_IMPLICIT_RETAIN_SELF = YES;
				CLANG_WARN_OBJC_LITERAL_CONVERSION = YES;
				CLANG_WARN_OBJC_ROOT_CLASS = YES_ERROR;
				CLANG_WARN_QUOTED_INCLUDE_IN_FRAMEWORK_HEADER = YES;
				CLANG_WARN_RANGE_LOOP_ANALYSIS = YES;
				CLANG_WARN_STRICT_PROTOTYPES = YES;
				CLANG_WARN_SUSPICIOUS_MOVE = YES;
				CLANG_WARN_UNGUARDED_AVAILABILITY = YES_AGGRESSIVE;
				CLANG_WARN_UNREACHABLE_CODE = YES;
				CLANG_WARN__DUPLICATE_METHOD_MATCH = YES;
				COPY_PHASE_STRIP = NO;
				DEBUG_INFORMATION_FORMAT = "dwarf-with-dsym";
				ENABLE_NS_ASSERTIONS = NO;
				ENABLE_PREVIEWS = YES;
				ENABLE_STRICT_OBJC_MSGSEND = YES;
				GCC_C_LANGUAGE_STANDARD = gnu11;
				GCC_NO_COMMON_BLOCKS = YES;
				GCC_WARN_64_TO_32_BIT_CONVERSION = YES;
				GCC_WARN_ABOUT_RETURN_TYPE = YES_ERROR;
				GCC_WARN_UNDECLARED_SELECTOR = YES;
				GCC_WARN_UNINITIALIZED_AUTOS = YES_AGGRESSIVE;
				GCC_WARN_UNUSED_FUNCTION = YES;
				GCC_WARN_UNUSED_VARIABLE = YES;
				MACOSX_DEPLOYMENT_TARGET = 15.0;
				MTL_ENABLE_DEBUG_INFO = NO;
				MTL_FAST_MATH = YES;
				PRODUCT_NAME = "$(TARGET_NAME)";
				SDKROOT = macosx;
				SWIFT_COMPILATION_MODE = wholemodule;
				SWIFT_OPTIMIZATION_LEVEL = "-O";
				SWIFT_STRICT_CONCURRENCY = complete;
				SWIFT_VERSION = 5.9;
			};
			name = Release;
		};
		A789C994C5A1BE5B91352A5F /* Release */ = {
			isa = XCBuildConfiguration;
			buildSettings = {
				BUNDLE_LOADER = "$(TEST_HOST)";
				COMBINE_HIDPI_IMAGES = YES;
				GENERATE_INFOPLIST_FILE = YES;
				LD_RUNPATH_SEARCH_PATHS = (
					"$(inherited)",
					"@executable_path/../Frameworks",
					"@loader_path/../Frameworks",
				);
				PRODUCT_BUNDLE_IDENTIFIER = "com.claude-replay.Claude-MTW-ReplayTests";
				SDKROOT = macosx;
				TEST_HOST = "$(BUILT_PRODUCTS_DIR)/Claude MTW Replay.app/Contents/MacOS/Claude MTW Replay";
			};
			name = Release;
		};
		CFC0DE51DED36E8FED6A7A82 /* Release */ = {
			isa = XCBuildConfiguration;
			buildSettings = {
				ASSETCATALOG_COMPILER_APPICON_NAME = AppIcon;
				CODE_SIGN_IDENTITY = "-";
				CODE_SIGN_STYLE = Automatic;
				COMBINE_HIDPI_IMAGES = YES;
				CURRENT_PROJECT_VERSION = 1;
				ENABLE_HARDENED_RUNTIME = YES;
				GENERATE_INFOPLIST_FILE = YES;
				INFOPLIST_FILE = "Claude-MTW-Replay/Info.plist";
				INFOPLIST_GENERATION_CLASS = "$(PRODUCT_MODULE_NAME).Claude_MTW_ReplayApp";
				INFOPLIST_KEY_CFBundleDisplayName = "Claude MTW Replay";
				INFOPLIST_KEY_LSApplicationCategoryType = "public.app-category.developer-tools";
				INFOPLIST_KEY_NSHumanReadableCopyright = "Copyright © 2024 Claude Replay. All rights reserved.";
				LD_RUNPATH_SEARCH_PATHS = "$(inherited) @executable_path/../Frameworks";
				MARKETING_VERSION = 1.0.0;
				PRODUCT_BUNDLE_IDENTIFIER = "com.claude-replay.Claude-MTW-Replay";
				PRODUCT_NAME = "Claude MTW Replay";
				SDKROOT = macosx;
				SWIFT_EMIT_LOC_STRINGS = YES;
			};
			name = Release;
		};
		D9B1F08E0D0B74FDDD312660 /* Debug */ = {
			isa = XCBuildConfiguration;
			buildSettings = {
				BUNDLE_LOADER = "$(TEST_HOST)";
				COMBINE_HIDPI_IMAGES = YES;
				GENERATE_INFOPLIST_FILE = YES;
				LD_RUNPATH_SEARCH_PATHS = (
					"$(inherited)",
					"@executable_path/../Frameworks",
					"@loader_path/../Frameworks",
				);
				PRODUCT_BUNDLE_IDENTIFIER = "com.claude-replay.Claude-MTW-ReplayTests";
				SDKROOT = macosx;
				TEST_HOST = "$(BUILT_PRODUCTS_DIR)/Claude MTW Replay.app/Contents/MacOS/Claude MTW Replay";
			};
			name = Debug;
		};
		E34E47A259B129470934A8B9 /* Debug */ = {
			isa = XCBuildConfiguration;
			buildSettings = {
				ASSETCATALOG_COMPILER_APPICON_NAME = AppIcon;
				CODE_SIGN_IDENTITY = "-";
				CODE_SIGN_STYLE = Automatic;
				COMBINE_HIDPI_IMAGES = YES;
				CURRENT_PROJECT_VERSION = 1;
				ENABLE_HARDENED_RUNTIME = YES;
				GENERATE_INFOPLIST_FILE = YES;
				INFOPLIST_FILE = "Claude-MTW-Replay/Info.plist";
				INFOPLIST_GENERATION_CLASS = "$(PRODUCT_MODULE_NAME).Claude_MTW_ReplayApp";
				INFOPLIST_KEY_CFBundleDisplayName = "Claude MTW Replay";
				INFOPLIST_KEY_LSApplicationCategoryType = "public.app-category.developer-tools";
				INFOPLIST_KEY_NSHumanReadableCopyright = "Copyright © 2024 Claude Replay. All rights reserved.";
				LD_RUNPATH_SEARCH_PATHS = "$(inherited) @executable_path/../Frameworks";
				MARKETING_VERSION = 1.0.0;
				PRODUCT_BUNDLE_IDENTIFIER = "com.claude-replay.Claude-MTW-Replay";
				PRODUCT_NAME = "Claude MTW Replay";
				SDKROOT = macosx;
				SWIFT_EMIT_LOC_STRINGS = YES;
			};
			name = Debug;
		};
/* End XCBuildConfiguration section */

/* Begin XCConfigurationList section */
		22CFE3EDB9462B11A894F0CA /* Build configuration list for PBXNativeTarget "Claude-MTW-ReplayTests" */ = {
			isa = XCConfigurationList;
			buildConfigurations = (
				D9B1F08E0D0B74FDDD312660 /* Debug */,
				A789C994C5A1BE5B91352A5F /* Release */,
			);
			defaultConfigurationIsVisible = 0;
			defaultConfigurationName = Debug;
		};
		7A9CA13905BD847FA9C50B1B /* Build configuration list for PBXProject "Claude-MTW-Replay" */ = {
			isa = XCConfigurationList;
			buildConfigurations = (
				2A68BCD40E65CF9B6A582383 /* Debug */,
				86AA7B548D5BDCA298A6C791 /* Release */,
			);
			defaultConfigurationIsVisible = 0;
			defaultConfigurationName = Debug;
		};
		D6DE225D8F090CE02DCB09E4 /* Build configuration list for PBXNativeTarget "Claude-MTW-Replay" */ = {
			isa = XCConfigurationList;
			buildConfigurations = (
				E34E47A259B129470934A8B9 /* Debug */,
				CFC0DE51DED36E8FED6A7A82 /* Release */,
			);
			defaultConfigurationIsVisible = 0;
			defaultConfigurationName = Debug;
		};
/* End XCConfigurationList section */
	};
	rootObject = AE35B0E98B846D43722A5C8C /* Project object */;
}
